// !$*UTF8*$!
{
	archiveVersion = 1;
	classes = {
	};
	objectVersion = 46;
	objects = {

/* Begin PBXBuildFile section */
		9A0829612061CC47005BCC20 /* SQLite+Database.swift in Sources */ = {isa = PBXBuildFile; fileRef = 9A0829602061CC47005BCC20 /* SQLite+Database.swift */; };
		9A0829642061E266005BCC20 /* SQLite.Location.swift in Sources */ = {isa = PBXBuildFile; fileRef = 9A0829622061E260005BCC20 /* SQLite.Location.swift */; };
		9A0829652061E267005BCC20 /* SQLite.Location.swift in Sources */ = {isa = PBXBuildFile; fileRef = 9A0829622061E260005BCC20 /* SQLite.Location.swift */; };
		9A0829682061E27C005BCC20 /* SQLite.OpenOptions.swift in Sources */ = {isa = PBXBuildFile; fileRef = 9A0829662061E277005BCC20 /* SQLite.OpenOptions.swift */; };
		9A0829692061E27D005BCC20 /* SQLite.OpenOptions.swift in Sources */ = {isa = PBXBuildFile; fileRef = 9A0829662061E277005BCC20 /* SQLite.OpenOptions.swift */; };
		9A08296B2061E4D4005BCC20 /* SQLite.LocationTests.swift in Sources */ = {isa = PBXBuildFile; fileRef = 9A08296A2061E4D4005BCC20 /* SQLite.LocationTests.swift */; };
		9A08296D2061E4E5005BCC20 /* SQLite.OpenOptionsTests.swift in Sources */ = {isa = PBXBuildFile; fileRef = 9A08296C2061E4E5005BCC20 /* SQLite.OpenOptionsTests.swift */; };
		9A0829F02062FA40005BCC20 /* SQLite+Codable.swift in Sources */ = {isa = PBXBuildFile; fileRef = 9A0829EF2062FA40005BCC20 /* SQLite+Codable.swift */; };
		9A0829F22062FA6D005BCC20 /* SQLite+CodableTests.swift in Sources */ = {isa = PBXBuildFile; fileRef = 9A0829F12062FA6D005BCC20 /* SQLite+CodableTests.swift */; };
		9A1019EC207D4D7C001AFD9C /* ConcatFunction.swift in Sources */ = {isa = PBXBuildFile; fileRef = 9A1019EB207D4D7C001AFD9C /* ConcatFunction.swift */; };
		9A1019EE207D518F001AFD9C /* String+Name.swift in Sources */ = {isa = PBXBuildFile; fileRef = 9A1019ED207D518F001AFD9C /* String+Name.swift */; };
		9A1019F0207D5229001AFD9C /* Function.ArgCountTests.swift in Sources */ = {isa = PBXBuildFile; fileRef = 9A1019EF207D5229001AFD9C /* Function.ArgCountTests.swift */; };
		9A1019F2207D52B4001AFD9C /* Function.DescriptionTests.swift in Sources */ = {isa = PBXBuildFile; fileRef = 9A1019F1207D52B4001AFD9C /* Function.DescriptionTests.swift */; };
		9A1019F4207D5383001AFD9C /* Function.ValueTests.swift in Sources */ = {isa = PBXBuildFile; fileRef = 9A1019F3207D5383001AFD9C /* Function.ValueTests.swift */; };
		9A101ACA207EA573001AFD9C /* Function.ContextTests.swift in Sources */ = {isa = PBXBuildFile; fileRef = 9A101AC9207EA573001AFD9C /* Function.ContextTests.swift */; };
		9A101ACC207EA5E2001AFD9C /* BlockFunction.swift in Sources */ = {isa = PBXBuildFile; fileRef = 9A101ACB207EA5E2001AFD9C /* BlockFunction.swift */; };
		9A115986206D707B00C5A755 /* Action.swift in Sources */ = {isa = PBXBuildFile; fileRef = 9A115985206D707B00C5A755 /* Action.swift */; };
		9A115987206D707E00C5A755 /* Action.swift in Sources */ = {isa = PBXBuildFile; fileRef = 9A115985206D707B00C5A755 /* Action.swift */; };
		9A115989206D7E3F00C5A755 /* SQLite.HookTests.swift in Sources */ = {isa = PBXBuildFile; fileRef = 9A115988206D7E3F00C5A755 /* SQLite.HookTests.swift */; };
		9A1414232072C546008029F2 /* SQLite.Transaction.swift in Sources */ = {isa = PBXBuildFile; fileRef = 9A4D04F120651A2400E00035 /* SQLite.Transaction.swift */; };
		9A1414242072C54F008029F2 /* SQLite+Codable.swift in Sources */ = {isa = PBXBuildFile; fileRef = 9A0829EF2062FA40005BCC20 /* SQLite+Codable.swift */; };
		9A1414262072C562008029F2 /* PragmaRepresentable.swift in Sources */ = {isa = PBXBuildFile; fileRef = 9A4D04FE206929E100E00035 /* PragmaRepresentable.swift */; };
		9A1414272072C562008029F2 /* Pragma.swift in Sources */ = {isa = PBXBuildFile; fileRef = 9A4D04FB20690FD500E00035 /* Pragma.swift */; };
		9A1414282072C562008029F2 /* Pragma.Boolean.swift in Sources */ = {isa = PBXBuildFile; fileRef = 9A4D0501206929F900E00035 /* Pragma.Boolean.swift */; };
		9A1414292072C562008029F2 /* Pragma.Encoding.swift in Sources */ = {isa = PBXBuildFile; fileRef = 9A4D050B20692DD800E00035 /* Pragma.Encoding.swift */; };
		9A14142A2072C562008029F2 /* Pragma.CacheSize.swift in Sources */ = {isa = PBXBuildFile; fileRef = 9A4D057C2069922300E00035 /* Pragma.CacheSize.swift */; };
		9A14142B2072C562008029F2 /* Pragma.JournalMode.swift in Sources */ = {isa = PBXBuildFile; fileRef = 9A4D0582206A57EB00E00035 /* Pragma.JournalMode.swift */; };
		9A14142D2072C590008029F2 /* SQLite.Blob.swift in Sources */ = {isa = PBXBuildFile; fileRef = 9A14142C2072C590008029F2 /* SQLite.Blob.swift */; };
		9A14142E2072C590008029F2 /* SQLite.Blob.swift in Sources */ = {isa = PBXBuildFile; fileRef = 9A14142C2072C590008029F2 /* SQLite.Blob.swift */; };
		9A141430207393BA008029F2 /* SQLite.BlobTests.swift in Sources */ = {isa = PBXBuildFile; fileRef = 9A14142F207393BA008029F2 /* SQLite.BlobTests.swift */; };
		9A1414332073C6C4008029F2 /* Initialize.swift in Sources */ = {isa = PBXBuildFile; fileRef = 9A1414312073C69F008029F2 /* Initialize.swift */; };
		9A1414342073C6C4008029F2 /* Initialize.swift in Sources */ = {isa = PBXBuildFile; fileRef = 9A1414312073C69F008029F2 /* Initialize.swift */; };
		9A14143F20741AC8008029F2 /* SQLite.Backup.swift in Sources */ = {isa = PBXBuildFile; fileRef = 9A14143E20741AC8008029F2 /* SQLite.Backup.swift */; };
		9A14144020741AC8008029F2 /* SQLite.Backup.swift in Sources */ = {isa = PBXBuildFile; fileRef = 9A14143E20741AC8008029F2 /* SQLite.Backup.swift */; };
		9A14144220744ED7008029F2 /* SQLite.BackupTests.swift in Sources */ = {isa = PBXBuildFile; fileRef = 9A14144120744ED7008029F2 /* SQLite.BackupTests.swift */; };
		9A154C472076783700A95252 /* Function.swift in Sources */ = {isa = PBXBuildFile; fileRef = 9A154C462076783700A95252 /* Function.swift */; };
		9A154C482076783700A95252 /* Function.swift in Sources */ = {isa = PBXBuildFile; fileRef = 9A154C462076783700A95252 /* Function.swift */; };
		9A154C4A2076787600A95252 /* Function.Scalar.swift in Sources */ = {isa = PBXBuildFile; fileRef = 9A154C492076787600A95252 /* Function.Scalar.swift */; };
		9A154C4B2076787600A95252 /* Function.Scalar.swift in Sources */ = {isa = PBXBuildFile; fileRef = 9A154C492076787600A95252 /* Function.Scalar.swift */; };
		9A154C4D2076788D00A95252 /* Function.Aggregate.swift in Sources */ = {isa = PBXBuildFile; fileRef = 9A154C4C2076788D00A95252 /* Function.Aggregate.swift */; };
		9A154C4E2076788D00A95252 /* Function.Aggregate.swift in Sources */ = {isa = PBXBuildFile; fileRef = 9A154C4C2076788D00A95252 /* Function.Aggregate.swift */; };
		9A154C50207678A700A95252 /* Function.Description.swift in Sources */ = {isa = PBXBuildFile; fileRef = 9A154C4F207678A700A95252 /* Function.Description.swift */; };
		9A154C51207678A700A95252 /* Function.Description.swift in Sources */ = {isa = PBXBuildFile; fileRef = 9A154C4F207678A700A95252 /* Function.Description.swift */; };
		9A154C53207678BC00A95252 /* Function.Kind.swift in Sources */ = {isa = PBXBuildFile; fileRef = 9A154C52207678BC00A95252 /* Function.Kind.swift */; };
		9A154C54207678BC00A95252 /* Function.Kind.swift in Sources */ = {isa = PBXBuildFile; fileRef = 9A154C52207678BC00A95252 /* Function.Kind.swift */; };
		9A154C56207678D400A95252 /* Function.Value.swift in Sources */ = {isa = PBXBuildFile; fileRef = 9A154C55207678D400A95252 /* Function.Value.swift */; };
		9A154C57207678D400A95252 /* Function.Value.swift in Sources */ = {isa = PBXBuildFile; fileRef = 9A154C55207678D400A95252 /* Function.Value.swift */; };
		9A154C59207678ED00A95252 /* Encoding.swift in Sources */ = {isa = PBXBuildFile; fileRef = 9A154C58207678ED00A95252 /* Encoding.swift */; };
		9A154C5A207678ED00A95252 /* Encoding.swift in Sources */ = {isa = PBXBuildFile; fileRef = 9A154C58207678ED00A95252 /* Encoding.swift */; };
		9A154C5C2076791900A95252 /* Function.Context.swift in Sources */ = {isa = PBXBuildFile; fileRef = 9A154C5B2076791900A95252 /* Function.Context.swift */; };
		9A154C5D2076791900A95252 /* Function.Context.swift in Sources */ = {isa = PBXBuildFile; fileRef = 9A154C5B2076791900A95252 /* Function.Context.swift */; };
		9A154C5F2076793C00A95252 /* Function.ArgCount.swift in Sources */ = {isa = PBXBuildFile; fileRef = 9A154C5E2076793C00A95252 /* Function.ArgCount.swift */; };
		9A154C602076793C00A95252 /* Function.ArgCount.swift in Sources */ = {isa = PBXBuildFile; fileRef = 9A154C5E2076793C00A95252 /* Function.ArgCount.swift */; };
		9A154C632076885900A95252 /* OptionalProtocol.swift in Sources */ = {isa = PBXBuildFile; fileRef = 9A154C622076885900A95252 /* OptionalProtocol.swift */; };
		9A154C642076885900A95252 /* OptionalProtocol.swift in Sources */ = {isa = PBXBuildFile; fileRef = 9A154C622076885900A95252 /* OptionalProtocol.swift */; };
		9A29B89E2078010B004D9A72 /* Aggregatable.swift in Sources */ = {isa = PBXBuildFile; fileRef = 9A29B89D2078010B004D9A72 /* Aggregatable.swift */; };
		9A29B89F20780122004D9A72 /* Aggregatable.swift in Sources */ = {isa = PBXBuildFile; fileRef = 9A29B89D2078010B004D9A72 /* Aggregatable.swift */; };
		9A3FEC3B2080C3E700F7413E /* ResultSet.swift in Sources */ = {isa = PBXBuildFile; fileRef = 9A3FEC3A2080C3E700F7413E /* ResultSet.swift */; };
		9A3FEC3C2080C3E700F7413E /* ResultSet.swift in Sources */ = {isa = PBXBuildFile; fileRef = 9A3FEC3A2080C3E700F7413E /* ResultSet.swift */; };
		9A49DC571EC49A170053710B /* SQLite.framework in Frameworks */ = {isa = PBXBuildFile; fileRef = 9A49DC4D1EC49A170053710B /* SQLite.framework */; };
		9A49DC5E1EC49A170053710B /* SQLite.h in Headers */ = {isa = PBXBuildFile; fileRef = 9A49DC501EC49A170053710B /* SQLite.h */; settings = {ATTRIBUTES = (Public, ); }; };
		9A49DC6B1EC49A5F0053710B /* SQLite.h in Headers */ = {isa = PBXBuildFile; fileRef = 9A49DC501EC49A170053710B /* SQLite.h */; settings = {ATTRIBUTES = (Public, ); }; };
		9A4C7C8D1EDC468B004FE2C9 /* sqlite3.c in Sources */ = {isa = PBXBuildFile; fileRef = 9A4C7C861EDC468B004FE2C9 /* sqlite3.c */; settings = {COMPILER_FLAGS = "-w"; }; };
		9A4C7C8E1EDC468B004FE2C9 /* sqlite3.c in Sources */ = {isa = PBXBuildFile; fileRef = 9A4C7C861EDC468B004FE2C9 /* sqlite3.c */; settings = {COMPILER_FLAGS = "-w"; }; };
		9A4C7C8F1EDC468B004FE2C9 /* sqlite3.h in Headers */ = {isa = PBXBuildFile; fileRef = 9A4C7C871EDC468B004FE2C9 /* sqlite3.h */; settings = {ATTRIBUTES = (Public, ); }; };
		9A4C7C901EDC468B004FE2C9 /* sqlite3.h in Headers */ = {isa = PBXBuildFile; fileRef = 9A4C7C871EDC468B004FE2C9 /* sqlite3.h */; settings = {ATTRIBUTES = (Public, ); }; };
		9A4C7C911EDC468B004FE2C9 /* sqlite3ext.h in Headers */ = {isa = PBXBuildFile; fileRef = 9A4C7C881EDC468B004FE2C9 /* sqlite3ext.h */; settings = {ATTRIBUTES = (Public, ); }; };
		9A4C7C921EDC468B004FE2C9 /* sqlite3ext.h in Headers */ = {isa = PBXBuildFile; fileRef = 9A4C7C881EDC468B004FE2C9 /* sqlite3ext.h */; settings = {ATTRIBUTES = (Public, ); }; };
		9A4C7C931EDC46C4004FE2C9 /* Status.swift in Sources */ = {isa = PBXBuildFile; fileRef = 9ACCEB011ED30A8600DFAE41 /* Status.swift */; };
		9A4C7C941EDC46C4004FE2C9 /* Statement.swift in Sources */ = {isa = PBXBuildFile; fileRef = 9ACCEB031EDAF63C00DFAE41 /* Statement.swift */; };
		9A4C7C961EDD8DEA004FE2C9 /* test.sqlite in Resources */ = {isa = PBXBuildFile; fileRef = 9A4C7C951EDD8663004FE2C9 /* test.sqlite */; };
		9A4D04F220651A2400E00035 /* SQLite.Transaction.swift in Sources */ = {isa = PBXBuildFile; fileRef = 9A4D04F120651A2400E00035 /* SQLite.Transaction.swift */; };
		9A4D04F420651A8700E00035 /* SQLite.TransactionTests.swift in Sources */ = {isa = PBXBuildFile; fileRef = 9A4D04F320651A8700E00035 /* SQLite.TransactionTests.swift */; };
		9A4D04FA20690FBD00E00035 /* PragmaTests.swift in Sources */ = {isa = PBXBuildFile; fileRef = 9A4D04F920690FBD00E00035 /* PragmaTests.swift */; };
		9A4D04FC20690FD500E00035 /* Pragma.swift in Sources */ = {isa = PBXBuildFile; fileRef = 9A4D04FB20690FD500E00035 /* Pragma.swift */; };
		9A4D04FF206929E100E00035 /* PragmaRepresentable.swift in Sources */ = {isa = PBXBuildFile; fileRef = 9A4D04FE206929E100E00035 /* PragmaRepresentable.swift */; };
		9A4D0502206929F900E00035 /* Pragma.Boolean.swift in Sources */ = {isa = PBXBuildFile; fileRef = 9A4D0501206929F900E00035 /* Pragma.Boolean.swift */; };
		9A4D050520692A1600E00035 /* PragmaRepresentableTests.swift in Sources */ = {isa = PBXBuildFile; fileRef = 9A4D050420692A1600E00035 /* PragmaRepresentableTests.swift */; };
		9A4D050720692C7A00E00035 /* Pragma.BooleanTests.swift in Sources */ = {isa = PBXBuildFile; fileRef = 9A4D050620692C7A00E00035 /* Pragma.BooleanTests.swift */; };
		9A4D050920692D4E00E00035 /* SQLite.PragmaTests.swift in Sources */ = {isa = PBXBuildFile; fileRef = 9A4D050820692D4E00E00035 /* SQLite.PragmaTests.swift */; };
		9A4D050C20692DD800E00035 /* Pragma.Encoding.swift in Sources */ = {isa = PBXBuildFile; fileRef = 9A4D050B20692DD800E00035 /* Pragma.Encoding.swift */; };
		9A4D050E206930DF00E00035 /* Pragma.EncodingTests.swift in Sources */ = {isa = PBXBuildFile; fileRef = 9A4D050D206930DF00E00035 /* Pragma.EncodingTests.swift */; };
		9A4D057F2069922800E00035 /* Pragma.CacheSize.swift in Sources */ = {isa = PBXBuildFile; fileRef = 9A4D057C2069922300E00035 /* Pragma.CacheSize.swift */; };
		9A4D0581206993B400E00035 /* Pragma.CacheSizeTests.swift in Sources */ = {isa = PBXBuildFile; fileRef = 9A4D0580206993B400E00035 /* Pragma.CacheSizeTests.swift */; };
		9A4D0585206A57F000E00035 /* Pragma.JournalMode.swift in Sources */ = {isa = PBXBuildFile; fileRef = 9A4D0582206A57EB00E00035 /* Pragma.JournalMode.swift */; };
		9A4D0587206A58B200E00035 /* Pragma.JournalModeTests.swift in Sources */ = {isa = PBXBuildFile; fileRef = 9A4D0586206A58B200E00035 /* Pragma.JournalModeTests.swift */; };
		9A523D26206BB266006DEC1E /* SQLite.Hook.swift in Sources */ = {isa = PBXBuildFile; fileRef = 9A523D25206BB266006DEC1E /* SQLite.Hook.swift */; };
		9A523D27206BB403006DEC1E /* SQLite.Hook.swift in Sources */ = {isa = PBXBuildFile; fileRef = 9A523D25206BB266006DEC1E /* SQLite.Hook.swift */; };
		9A5C46FF1ED0C49E00CE3627 /* SQLite.swift in Sources */ = {isa = PBXBuildFile; fileRef = 9A5C46FE1ED0C49E00CE3627 /* SQLite.swift */; };
		9A5C47001ED0C49E00CE3627 /* SQLite.swift in Sources */ = {isa = PBXBuildFile; fileRef = 9A5C46FE1ED0C49E00CE3627 /* SQLite.swift */; };
		9A5EF5D01EDE3FAF00CB16A0 /* Value.swift in Sources */ = {isa = PBXBuildFile; fileRef = 9A5EF5CF1EDE3FAF00CB16A0 /* Value.swift */; };
		9A616CA21EE5757000827C5E /* Assertions.swift in Sources */ = {isa = PBXBuildFile; fileRef = 9A616CA11EE5757000827C5E /* Assertions.swift */; };
		9A616CA41EE576BE00827C5E /* StatementTests.swift in Sources */ = {isa = PBXBuildFile; fileRef = 9A616CA31EE576BE00827C5E /* StatementTests.swift */; };
		9A616CB11EE6C6FC00827C5E /* ColumnMetadata.swift in Sources */ = {isa = PBXBuildFile; fileRef = 9A616CB01EE6C6FC00827C5E /* ColumnMetadata.swift */; };
		9A616CB21EE6C6FC00827C5E /* ColumnMetadata.swift in Sources */ = {isa = PBXBuildFile; fileRef = 9A616CB01EE6C6FC00827C5E /* ColumnMetadata.swift */; };
		9A616CB41EE6CB9800827C5E /* ColumnMetadataTests.swift in Sources */ = {isa = PBXBuildFile; fileRef = 9A616CB31EE6CB9800827C5E /* ColumnMetadataTests.swift */; };
		9A616CB71EE6D36000827C5E /* UnsafePointer+String.swift in Sources */ = {isa = PBXBuildFile; fileRef = 9A616CB61EE6D36000827C5E /* UnsafePointer+String.swift */; };
		9A616CB81EE6D36000827C5E /* UnsafePointer+String.swift in Sources */ = {isa = PBXBuildFile; fileRef = 9A616CB61EE6D36000827C5E /* UnsafePointer+String.swift */; };
		9A656D3621879F8000D3A41C /* SQLite.framework in Frameworks */ = {isa = PBXBuildFile; fileRef = 9A49DC701EC49A5F0053710B /* SQLite.framework */; };
		9A656D3C2187A00E00D3A41C /* SQLite+Database.swift in Sources */ = {isa = PBXBuildFile; fileRef = 9A0829602061CC47005BCC20 /* SQLite+Database.swift */; };
		9A656D3D2187A00E00D3A41C /* Assertions.swift in Sources */ = {isa = PBXBuildFile; fileRef = 9A616CA11EE5757000827C5E /* Assertions.swift */; };
		9A656D3E2187A00E00D3A41C /* String+Name.swift in Sources */ = {isa = PBXBuildFile; fileRef = 9A1019ED207D518F001AFD9C /* String+Name.swift */; };
		9A656D3F2187A00E00D3A41C /* PragmaRepresentableTests.swift in Sources */ = {isa = PBXBuildFile; fileRef = 9A4D050420692A1600E00035 /* PragmaRepresentableTests.swift */; };
		9A656D402187A00E00D3A41C /* PragmaTests.swift in Sources */ = {isa = PBXBuildFile; fileRef = 9A4D04F920690FBD00E00035 /* PragmaTests.swift */; };
		9A656D412187A00E00D3A41C /* Pragma.BooleanTests.swift in Sources */ = {isa = PBXBuildFile; fileRef = 9A4D050620692C7A00E00035 /* Pragma.BooleanTests.swift */; };
		9A656D422187A00E00D3A41C /* Pragma.EncodingTests.swift in Sources */ = {isa = PBXBuildFile; fileRef = 9A4D050D206930DF00E00035 /* Pragma.EncodingTests.swift */; };
		9A656D432187A00E00D3A41C /* Pragma.CacheSizeTests.swift in Sources */ = {isa = PBXBuildFile; fileRef = 9A4D0580206993B400E00035 /* Pragma.CacheSizeTests.swift */; };
		9A656D442187A00E00D3A41C /* Pragma.JournalModeTests.swift in Sources */ = {isa = PBXBuildFile; fileRef = 9A4D0586206A58B200E00035 /* Pragma.JournalModeTests.swift */; };
		9A656D452187A00E00D3A41C /* DoubleFunction.swift in Sources */ = {isa = PBXBuildFile; fileRef = 9A9082CC207CD18700BE67F1 /* DoubleFunction.swift */; };
		9A656D462187A00E00D3A41C /* SumFunction.swift in Sources */ = {isa = PBXBuildFile; fileRef = 9A9082D0207CD4B800BE67F1 /* SumFunction.swift */; };
		9A656D472187A00E00D3A41C /* CountFunction.swift in Sources */ = {isa = PBXBuildFile; fileRef = 9A9082D2207CD6D900BE67F1 /* CountFunction.swift */; };
		9A656D482187A00E00D3A41C /* ConcatFunction.swift in Sources */ = {isa = PBXBuildFile; fileRef = 9A1019EB207D4D7C001AFD9C /* ConcatFunction.swift */; };
		9A656D492187A00E00D3A41C /* BlockFunction.swift in Sources */ = {isa = PBXBuildFile; fileRef = 9A101ACB207EA5E2001AFD9C /* BlockFunction.swift */; };
		9A656D4A2187A00E00D3A41C /* FunctionTests.swift in Sources */ = {isa = PBXBuildFile; fileRef = 9A9082C7207CCEB400BE67F1 /* FunctionTests.swift */; };
		9A656D4B2187A00E00D3A41C /* Function.ScalarTests.swift in Sources */ = {isa = PBXBuildFile; fileRef = 9A9082C9207CD12200BE67F1 /* Function.ScalarTests.swift */; };
		9A656D4C2187A00E00D3A41C /* Function.AggregateTests.swift in Sources */ = {isa = PBXBuildFile; fileRef = 9A9082CE207CD47C00BE67F1 /* Function.AggregateTests.swift */; };
		9A656D4D2187A00E00D3A41C /* Function.ArgCountTests.swift in Sources */ = {isa = PBXBuildFile; fileRef = 9A1019EF207D5229001AFD9C /* Function.ArgCountTests.swift */; };
		9A656D4E2187A00E00D3A41C /* Function.DescriptionTests.swift in Sources */ = {isa = PBXBuildFile; fileRef = 9A1019F1207D52B4001AFD9C /* Function.DescriptionTests.swift */; };
		9A656D4F2187A00E00D3A41C /* Function.ValueTests.swift in Sources */ = {isa = PBXBuildFile; fileRef = 9A1019F3207D5383001AFD9C /* Function.ValueTests.swift */; };
		9A656D502187A00E00D3A41C /* Function.ContextTests.swift in Sources */ = {isa = PBXBuildFile; fileRef = 9A101AC9207EA573001AFD9C /* Function.ContextTests.swift */; };
		9A656D512187A00E00D3A41C /* ColumnTypeTests.swift in Sources */ = {isa = PBXBuildFile; fileRef = 9AE5192A1EE898060038ED22 /* ColumnTypeTests.swift */; };
		9A656D522187A00E00D3A41C /* ColumnMetadataTests.swift in Sources */ = {isa = PBXBuildFile; fileRef = 9A616CB31EE6CB9800827C5E /* ColumnMetadataTests.swift */; };
		9A656D532187A00E00D3A41C /* StatementTests.swift in Sources */ = {isa = PBXBuildFile; fileRef = 9A616CA31EE576BE00827C5E /* StatementTests.swift */; };
		9A656D542187A00E00D3A41C /* ResultSetTests.swift in Sources */ = {isa = PBXBuildFile; fileRef = 9AE0447320868E3C007CFC6F /* ResultSetTests.swift */; };
		9A656D552187A00E00D3A41C /* SQLiteTests.swift in Sources */ = {isa = PBXBuildFile; fileRef = 9A736DFE1ED1B8E100A0B389 /* SQLiteTests.swift */; };
		9A656D562187A00E00D3A41C /* SQLite.FunctionTests.swift in Sources */ = {isa = PBXBuildFile; fileRef = 9A8943B5207635F50041E3A2 /* SQLite.FunctionTests.swift */; };
		9A656D572187A00E00D3A41C /* SQLite.BackupTests.swift in Sources */ = {isa = PBXBuildFile; fileRef = 9A14144120744ED7008029F2 /* SQLite.BackupTests.swift */; };
		9A656D582187A00E00D3A41C /* SQLite.BlobTests.swift in Sources */ = {isa = PBXBuildFile; fileRef = 9A14142F207393BA008029F2 /* SQLite.BlobTests.swift */; };
		9A656D592187A00E00D3A41C /* SQLite.CheckpointTests.swift in Sources */ = {isa = PBXBuildFile; fileRef = 9A7F052D2072574400FBFD09 /* SQLite.CheckpointTests.swift */; };
		9A656D5A2187A00E00D3A41C /* SQLite.HookTests.swift in Sources */ = {isa = PBXBuildFile; fileRef = 9A115988206D7E3F00C5A755 /* SQLite.HookTests.swift */; };
		9A656D5B2187A00E00D3A41C /* SQLite.PragmaTests.swift in Sources */ = {isa = PBXBuildFile; fileRef = 9A4D050820692D4E00E00035 /* SQLite.PragmaTests.swift */; };
		9A656D5C2187A00E00D3A41C /* SQLite.TransactionTests.swift in Sources */ = {isa = PBXBuildFile; fileRef = 9A4D04F320651A8700E00035 /* SQLite.TransactionTests.swift */; };
		9A656D5D2187A00E00D3A41C /* SQLite.LocationTests.swift in Sources */ = {isa = PBXBuildFile; fileRef = 9A08296A2061E4D4005BCC20 /* SQLite.LocationTests.swift */; };
		9A656D5E2187A00E00D3A41C /* SQLite.OpenOptionsTests.swift in Sources */ = {isa = PBXBuildFile; fileRef = 9A08296C2061E4E5005BCC20 /* SQLite.OpenOptionsTests.swift */; };
		9A656D5F2187A00E00D3A41C /* SQLite+CodableTests.swift in Sources */ = {isa = PBXBuildFile; fileRef = 9A0829F12062FA6D005BCC20 /* SQLite+CodableTests.swift */; };
		9A656D602187A02B00D3A41C /* test.sqlite in Resources */ = {isa = PBXBuildFile; fileRef = 9A4C7C951EDD8663004FE2C9 /* test.sqlite */; };
		9A736DFF1ED1B8E100A0B389 /* SQLiteTests.swift in Sources */ = {isa = PBXBuildFile; fileRef = 9A736DFE1ED1B8E100A0B389 /* SQLiteTests.swift */; };
		9A7F052B2072435D00FBFD09 /* SQLite.Checkpoint.swift in Sources */ = {isa = PBXBuildFile; fileRef = 9A7F052A2072435D00FBFD09 /* SQLite.Checkpoint.swift */; };
		9A7F052C2072436200FBFD09 /* SQLite.Checkpoint.swift in Sources */ = {isa = PBXBuildFile; fileRef = 9A7F052A2072435D00FBFD09 /* SQLite.Checkpoint.swift */; };
		9A7F052E2072574400FBFD09 /* SQLite.CheckpointTests.swift in Sources */ = {isa = PBXBuildFile; fileRef = 9A7F052D2072574400FBFD09 /* SQLite.CheckpointTests.swift */; };
		9A8943B6207635F50041E3A2 /* SQLite.FunctionTests.swift in Sources */ = {isa = PBXBuildFile; fileRef = 9A8943B5207635F50041E3A2 /* SQLite.FunctionTests.swift */; };
		9A9082C8207CCEB400BE67F1 /* FunctionTests.swift in Sources */ = {isa = PBXBuildFile; fileRef = 9A9082C7207CCEB400BE67F1 /* FunctionTests.swift */; };
		9A9082CA207CD12200BE67F1 /* Function.ScalarTests.swift in Sources */ = {isa = PBXBuildFile; fileRef = 9A9082C9207CD12200BE67F1 /* Function.ScalarTests.swift */; };
		9A9082CD207CD18700BE67F1 /* DoubleFunction.swift in Sources */ = {isa = PBXBuildFile; fileRef = 9A9082CC207CD18700BE67F1 /* DoubleFunction.swift */; };
		9A9082CF207CD47C00BE67F1 /* Function.AggregateTests.swift in Sources */ = {isa = PBXBuildFile; fileRef = 9A9082CE207CD47C00BE67F1 /* Function.AggregateTests.swift */; };
		9A9082D1207CD4B800BE67F1 /* SumFunction.swift in Sources */ = {isa = PBXBuildFile; fileRef = 9A9082D0207CD4B800BE67F1 /* SumFunction.swift */; };
		9A9082D3207CD6D900BE67F1 /* CountFunction.swift in Sources */ = {isa = PBXBuildFile; fileRef = 9A9082D2207CD6D900BE67F1 /* CountFunction.swift */; };
		9ACCEB021ED30A8600DFAE41 /* Status.swift in Sources */ = {isa = PBXBuildFile; fileRef = 9ACCEB011ED30A8600DFAE41 /* Status.swift */; };
		9ACCEB041EDAF63C00DFAE41 /* Statement.swift in Sources */ = {isa = PBXBuildFile; fileRef = 9ACCEB031EDAF63C00DFAE41 /* Statement.swift */; };
		9AD2D59B1EE038BC002E9C67 /* Destructor.swift in Sources */ = {isa = PBXBuildFile; fileRef = 9AD2D59A1EE038BC002E9C67 /* Destructor.swift */; };
		9AE0447420868E3C007CFC6F /* ResultSetTests.swift in Sources */ = {isa = PBXBuildFile; fileRef = 9AE0447320868E3C007CFC6F /* ResultSetTests.swift */; };
		9AE519281EE897A60038ED22 /* ColumnType.swift in Sources */ = {isa = PBXBuildFile; fileRef = 9AE519271EE897A60038ED22 /* ColumnType.swift */; };
		9AE519291EE897A60038ED22 /* ColumnType.swift in Sources */ = {isa = PBXBuildFile; fileRef = 9AE519271EE897A60038ED22 /* ColumnType.swift */; };
		9AE5192B1EE898060038ED22 /* ColumnTypeTests.swift in Sources */ = {isa = PBXBuildFile; fileRef = 9AE5192A1EE898060038ED22 /* ColumnTypeTests.swift */; };
		9AF46A0B1EE71E1400513F25 /* Destructor.swift in Sources */ = {isa = PBXBuildFile; fileRef = 9AD2D59A1EE038BC002E9C67 /* Destructor.swift */; };
		9AF46A0C1EE71E1900513F25 /* Value.swift in Sources */ = {isa = PBXBuildFile; fileRef = 9A5EF5CF1EDE3FAF00CB16A0 /* Value.swift */; };
/* End PBXBuildFile section */

/* Begin PBXContainerItemProxy section */
		9A49DC581EC49A170053710B /* PBXContainerItemProxy */ = {
			isa = PBXContainerItemProxy;
			containerPortal = 9A49DC441EC49A170053710B /* Project object */;
			proxyType = 1;
			remoteGlobalIDString = 9A49DC4C1EC49A170053710B;
			remoteInfo = Mortar;
		};
		9A656D3721879F8000D3A41C /* PBXContainerItemProxy */ = {
			isa = PBXContainerItemProxy;
			containerPortal = 9A49DC441EC49A170053710B /* Project object */;
			proxyType = 1;
			remoteGlobalIDString = 9A49DC671EC49A5F0053710B;
			remoteInfo = "SQLite iOS";
		};
/* End PBXContainerItemProxy section */

/* Begin PBXFileReference section */
		9A0829602061CC47005BCC20 /* SQLite+Database.swift */ = {isa = PBXFileReference; lastKnownFileType = sourcecode.swift; path = "SQLite+Database.swift"; sourceTree = "<group>"; };
		9A0829622061E260005BCC20 /* SQLite.Location.swift */ = {isa = PBXFileReference; lastKnownFileType = sourcecode.swift; path = SQLite.Location.swift; sourceTree = "<group>"; };
		9A0829662061E277005BCC20 /* SQLite.OpenOptions.swift */ = {isa = PBXFileReference; lastKnownFileType = sourcecode.swift; path = SQLite.OpenOptions.swift; sourceTree = "<group>"; };
		9A08296A2061E4D4005BCC20 /* SQLite.LocationTests.swift */ = {isa = PBXFileReference; lastKnownFileType = sourcecode.swift; path = SQLite.LocationTests.swift; sourceTree = "<group>"; };
		9A08296C2061E4E5005BCC20 /* SQLite.OpenOptionsTests.swift */ = {isa = PBXFileReference; lastKnownFileType = sourcecode.swift; path = SQLite.OpenOptionsTests.swift; sourceTree = "<group>"; };
		9A0829EF2062FA40005BCC20 /* SQLite+Codable.swift */ = {isa = PBXFileReference; lastKnownFileType = sourcecode.swift; path = "SQLite+Codable.swift"; sourceTree = "<group>"; };
		9A0829F12062FA6D005BCC20 /* SQLite+CodableTests.swift */ = {isa = PBXFileReference; lastKnownFileType = sourcecode.swift; path = "SQLite+CodableTests.swift"; sourceTree = "<group>"; };
		9A1019EB207D4D7C001AFD9C /* ConcatFunction.swift */ = {isa = PBXFileReference; lastKnownFileType = sourcecode.swift; path = ConcatFunction.swift; sourceTree = "<group>"; };
		9A1019ED207D518F001AFD9C /* String+Name.swift */ = {isa = PBXFileReference; lastKnownFileType = sourcecode.swift; path = "String+Name.swift"; sourceTree = "<group>"; };
		9A1019EF207D5229001AFD9C /* Function.ArgCountTests.swift */ = {isa = PBXFileReference; lastKnownFileType = sourcecode.swift; path = Function.ArgCountTests.swift; sourceTree = "<group>"; };
		9A1019F1207D52B4001AFD9C /* Function.DescriptionTests.swift */ = {isa = PBXFileReference; lastKnownFileType = sourcecode.swift; path = Function.DescriptionTests.swift; sourceTree = "<group>"; };
		9A1019F3207D5383001AFD9C /* Function.ValueTests.swift */ = {isa = PBXFileReference; lastKnownFileType = sourcecode.swift; path = Function.ValueTests.swift; sourceTree = "<group>"; };
		9A101AC9207EA573001AFD9C /* Function.ContextTests.swift */ = {isa = PBXFileReference; lastKnownFileType = sourcecode.swift; path = Function.ContextTests.swift; sourceTree = "<group>"; };
		9A101ACB207EA5E2001AFD9C /* BlockFunction.swift */ = {isa = PBXFileReference; lastKnownFileType = sourcecode.swift; path = BlockFunction.swift; sourceTree = "<group>"; };
		9A115985206D707B00C5A755 /* Action.swift */ = {isa = PBXFileReference; lastKnownFileType = sourcecode.swift; path = Action.swift; sourceTree = "<group>"; };
		9A115988206D7E3F00C5A755 /* SQLite.HookTests.swift */ = {isa = PBXFileReference; lastKnownFileType = sourcecode.swift; path = SQLite.HookTests.swift; sourceTree = "<group>"; };
		9A14142C2072C590008029F2 /* SQLite.Blob.swift */ = {isa = PBXFileReference; lastKnownFileType = sourcecode.swift; path = SQLite.Blob.swift; sourceTree = "<group>"; };
		9A14142F207393BA008029F2 /* SQLite.BlobTests.swift */ = {isa = PBXFileReference; lastKnownFileType = sourcecode.swift; path = SQLite.BlobTests.swift; sourceTree = "<group>"; };
		9A1414312073C69F008029F2 /* Initialize.swift */ = {isa = PBXFileReference; lastKnownFileType = sourcecode.swift; path = Initialize.swift; sourceTree = "<group>"; };
		9A14143E20741AC8008029F2 /* SQLite.Backup.swift */ = {isa = PBXFileReference; lastKnownFileType = sourcecode.swift; path = SQLite.Backup.swift; sourceTree = "<group>"; };
		9A14144120744ED7008029F2 /* SQLite.BackupTests.swift */ = {isa = PBXFileReference; lastKnownFileType = sourcecode.swift; path = SQLite.BackupTests.swift; sourceTree = "<group>"; };
		9A154C462076783700A95252 /* Function.swift */ = {isa = PBXFileReference; lastKnownFileType = sourcecode.swift; path = Function.swift; sourceTree = "<group>"; };
		9A154C492076787600A95252 /* Function.Scalar.swift */ = {isa = PBXFileReference; lastKnownFileType = sourcecode.swift; path = Function.Scalar.swift; sourceTree = "<group>"; };
		9A154C4C2076788D00A95252 /* Function.Aggregate.swift */ = {isa = PBXFileReference; lastKnownFileType = sourcecode.swift; path = Function.Aggregate.swift; sourceTree = "<group>"; };
		9A154C4F207678A700A95252 /* Function.Description.swift */ = {isa = PBXFileReference; lastKnownFileType = sourcecode.swift; path = Function.Description.swift; sourceTree = "<group>"; };
		9A154C52207678BC00A95252 /* Function.Kind.swift */ = {isa = PBXFileReference; lastKnownFileType = sourcecode.swift; path = Function.Kind.swift; sourceTree = "<group>"; };
		9A154C55207678D400A95252 /* Function.Value.swift */ = {isa = PBXFileReference; lastKnownFileType = sourcecode.swift; path = Function.Value.swift; sourceTree = "<group>"; };
		9A154C58207678ED00A95252 /* Encoding.swift */ = {isa = PBXFileReference; lastKnownFileType = sourcecode.swift; path = Encoding.swift; sourceTree = "<group>"; };
		9A154C5B2076791900A95252 /* Function.Context.swift */ = {isa = PBXFileReference; lastKnownFileType = sourcecode.swift; path = Function.Context.swift; sourceTree = "<group>"; };
		9A154C5E2076793C00A95252 /* Function.ArgCount.swift */ = {isa = PBXFileReference; lastKnownFileType = sourcecode.swift; path = Function.ArgCount.swift; sourceTree = "<group>"; };
		9A154C622076885900A95252 /* OptionalProtocol.swift */ = {isa = PBXFileReference; lastKnownFileType = sourcecode.swift; path = OptionalProtocol.swift; sourceTree = "<group>"; };
		9A29B89D2078010B004D9A72 /* Aggregatable.swift */ = {isa = PBXFileReference; lastKnownFileType = sourcecode.swift; path = Aggregatable.swift; sourceTree = "<group>"; };
		9A3FEC3A2080C3E700F7413E /* ResultSet.swift */ = {isa = PBXFileReference; lastKnownFileType = sourcecode.swift; path = ResultSet.swift; sourceTree = "<group>"; };
		9A49DC4D1EC49A170053710B /* SQLite.framework */ = {isa = PBXFileReference; explicitFileType = wrapper.framework; includeInIndex = 0; path = SQLite.framework; sourceTree = BUILT_PRODUCTS_DIR; };
		9A49DC501EC49A170053710B /* SQLite.h */ = {isa = PBXFileReference; lastKnownFileType = sourcecode.c.h; path = SQLite.h; sourceTree = "<group>"; };
		9A49DC511EC49A170053710B /* SQLite MacOS.plist */ = {isa = PBXFileReference; lastKnownFileType = text.plist.xml; path = "SQLite MacOS.plist"; sourceTree = "<group>"; };
		9A49DC561EC49A170053710B /* SQLiteTests MacOS.xctest */ = {isa = PBXFileReference; explicitFileType = wrapper.cfbundle; includeInIndex = 0; path = "SQLiteTests MacOS.xctest"; sourceTree = BUILT_PRODUCTS_DIR; };
		9A49DC5D1EC49A170053710B /* Info.plist */ = {isa = PBXFileReference; lastKnownFileType = text.plist.xml; path = Info.plist; sourceTree = "<group>"; };
		9A49DC701EC49A5F0053710B /* SQLite.framework */ = {isa = PBXFileReference; explicitFileType = wrapper.framework; includeInIndex = 0; path = SQLite.framework; sourceTree = BUILT_PRODUCTS_DIR; };
		9A49DC711EC49A5F0053710B /* SQLite iOS.plist */ = {isa = PBXFileReference; lastKnownFileType = text.plist.xml; path = "SQLite iOS.plist"; sourceTree = "<group>"; };
		9A4C7C861EDC468B004FE2C9 /* sqlite3.c */ = {isa = PBXFileReference; fileEncoding = 4; lastKnownFileType = sourcecode.c.c; path = sqlite3.c; sourceTree = "<group>"; };
		9A4C7C871EDC468B004FE2C9 /* sqlite3.h */ = {isa = PBXFileReference; fileEncoding = 4; lastKnownFileType = sourcecode.c.h; path = sqlite3.h; sourceTree = "<group>"; };
		9A4C7C881EDC468B004FE2C9 /* sqlite3ext.h */ = {isa = PBXFileReference; fileEncoding = 4; lastKnownFileType = sourcecode.c.h; path = sqlite3ext.h; sourceTree = "<group>"; };
		9A4C7C951EDD8663004FE2C9 /* test.sqlite */ = {isa = PBXFileReference; lastKnownFileType = file; path = test.sqlite; sourceTree = "<group>"; };
		9A4D04F120651A2400E00035 /* SQLite.Transaction.swift */ = {isa = PBXFileReference; lastKnownFileType = sourcecode.swift; path = SQLite.Transaction.swift; sourceTree = "<group>"; };
		9A4D04F320651A8700E00035 /* SQLite.TransactionTests.swift */ = {isa = PBXFileReference; lastKnownFileType = sourcecode.swift; path = SQLite.TransactionTests.swift; sourceTree = "<group>"; };
		9A4D04F920690FBD00E00035 /* PragmaTests.swift */ = {isa = PBXFileReference; lastKnownFileType = sourcecode.swift; path = PragmaTests.swift; sourceTree = "<group>"; };
		9A4D04FB20690FD500E00035 /* Pragma.swift */ = {isa = PBXFileReference; lastKnownFileType = sourcecode.swift; path = Pragma.swift; sourceTree = "<group>"; };
		9A4D04FE206929E100E00035 /* PragmaRepresentable.swift */ = {isa = PBXFileReference; lastKnownFileType = sourcecode.swift; path = PragmaRepresentable.swift; sourceTree = "<group>"; };
		9A4D0501206929F900E00035 /* Pragma.Boolean.swift */ = {isa = PBXFileReference; lastKnownFileType = sourcecode.swift; path = Pragma.Boolean.swift; sourceTree = "<group>"; };
		9A4D050420692A1600E00035 /* PragmaRepresentableTests.swift */ = {isa = PBXFileReference; lastKnownFileType = sourcecode.swift; path = PragmaRepresentableTests.swift; sourceTree = "<group>"; };
		9A4D050620692C7A00E00035 /* Pragma.BooleanTests.swift */ = {isa = PBXFileReference; lastKnownFileType = sourcecode.swift; path = Pragma.BooleanTests.swift; sourceTree = "<group>"; };
		9A4D050820692D4E00E00035 /* SQLite.PragmaTests.swift */ = {isa = PBXFileReference; lastKnownFileType = sourcecode.swift; path = SQLite.PragmaTests.swift; sourceTree = "<group>"; };
		9A4D050B20692DD800E00035 /* Pragma.Encoding.swift */ = {isa = PBXFileReference; lastKnownFileType = sourcecode.swift; path = Pragma.Encoding.swift; sourceTree = "<group>"; };
		9A4D050D206930DF00E00035 /* Pragma.EncodingTests.swift */ = {isa = PBXFileReference; lastKnownFileType = sourcecode.swift; path = Pragma.EncodingTests.swift; sourceTree = "<group>"; };
		9A4D057C2069922300E00035 /* Pragma.CacheSize.swift */ = {isa = PBXFileReference; lastKnownFileType = sourcecode.swift; path = Pragma.CacheSize.swift; sourceTree = "<group>"; };
		9A4D0580206993B400E00035 /* Pragma.CacheSizeTests.swift */ = {isa = PBXFileReference; lastKnownFileType = sourcecode.swift; path = Pragma.CacheSizeTests.swift; sourceTree = "<group>"; };
		9A4D0582206A57EB00E00035 /* Pragma.JournalMode.swift */ = {isa = PBXFileReference; lastKnownFileType = sourcecode.swift; path = Pragma.JournalMode.swift; sourceTree = "<group>"; };
		9A4D0586206A58B200E00035 /* Pragma.JournalModeTests.swift */ = {isa = PBXFileReference; lastKnownFileType = sourcecode.swift; path = Pragma.JournalModeTests.swift; sourceTree = "<group>"; };
		9A523D25206BB266006DEC1E /* SQLite.Hook.swift */ = {isa = PBXFileReference; lastKnownFileType = sourcecode.swift; path = SQLite.Hook.swift; sourceTree = "<group>"; };
		9A5C46FE1ED0C49E00CE3627 /* SQLite.swift */ = {isa = PBXFileReference; fileEncoding = 4; lastKnownFileType = sourcecode.swift; path = SQLite.swift; sourceTree = "<group>"; };
		9A5EF5CF1EDE3FAF00CB16A0 /* Value.swift */ = {isa = PBXFileReference; fileEncoding = 4; lastKnownFileType = sourcecode.swift; path = Value.swift; sourceTree = "<group>"; };
		9A616CA11EE5757000827C5E /* Assertions.swift */ = {isa = PBXFileReference; fileEncoding = 4; lastKnownFileType = sourcecode.swift; path = Assertions.swift; sourceTree = "<group>"; };
		9A616CA31EE576BE00827C5E /* StatementTests.swift */ = {isa = PBXFileReference; fileEncoding = 4; lastKnownFileType = sourcecode.swift; path = StatementTests.swift; sourceTree = "<group>"; };
		9A616CB01EE6C6FC00827C5E /* ColumnMetadata.swift */ = {isa = PBXFileReference; fileEncoding = 4; lastKnownFileType = sourcecode.swift; path = ColumnMetadata.swift; sourceTree = "<group>"; };
		9A616CB31EE6CB9800827C5E /* ColumnMetadataTests.swift */ = {isa = PBXFileReference; fileEncoding = 4; lastKnownFileType = sourcecode.swift; path = ColumnMetadataTests.swift; sourceTree = "<group>"; };
		9A616CB61EE6D36000827C5E /* UnsafePointer+String.swift */ = {isa = PBXFileReference; fileEncoding = 4; lastKnownFileType = sourcecode.swift; path = "UnsafePointer+String.swift"; sourceTree = "<group>"; };
		9A656D3121879F8000D3A41C /* SQLiteTests iOS.xctest */ = {isa = PBXFileReference; explicitFileType = wrapper.cfbundle; includeInIndex = 0; path = "SQLiteTests iOS.xctest"; sourceTree = BUILT_PRODUCTS_DIR; };
		9A736DFE1ED1B8E100A0B389 /* SQLiteTests.swift */ = {isa = PBXFileReference; fileEncoding = 4; lastKnownFileType = sourcecode.swift; path = SQLiteTests.swift; sourceTree = "<group>"; };
		9A7F052A2072435D00FBFD09 /* SQLite.Checkpoint.swift */ = {isa = PBXFileReference; lastKnownFileType = sourcecode.swift; path = SQLite.Checkpoint.swift; sourceTree = "<group>"; };
		9A7F052D2072574400FBFD09 /* SQLite.CheckpointTests.swift */ = {isa = PBXFileReference; lastKnownFileType = sourcecode.swift; path = SQLite.CheckpointTests.swift; sourceTree = "<group>"; };
		9A8943B5207635F50041E3A2 /* SQLite.FunctionTests.swift */ = {isa = PBXFileReference; lastKnownFileType = sourcecode.swift; path = SQLite.FunctionTests.swift; sourceTree = "<group>"; };
		9A9082C7207CCEB400BE67F1 /* FunctionTests.swift */ = {isa = PBXFileReference; lastKnownFileType = sourcecode.swift; path = FunctionTests.swift; sourceTree = "<group>"; };
		9A9082C9207CD12200BE67F1 /* Function.ScalarTests.swift */ = {isa = PBXFileReference; lastKnownFileType = sourcecode.swift; path = Function.ScalarTests.swift; sourceTree = "<group>"; };
		9A9082CC207CD18700BE67F1 /* DoubleFunction.swift */ = {isa = PBXFileReference; lastKnownFileType = sourcecode.swift; path = DoubleFunction.swift; sourceTree = "<group>"; };
		9A9082CE207CD47C00BE67F1 /* Function.AggregateTests.swift */ = {isa = PBXFileReference; lastKnownFileType = sourcecode.swift; path = Function.AggregateTests.swift; sourceTree = "<group>"; };
		9A9082D0207CD4B800BE67F1 /* SumFunction.swift */ = {isa = PBXFileReference; lastKnownFileType = sourcecode.swift; path = SumFunction.swift; sourceTree = "<group>"; };
		9A9082D2207CD6D900BE67F1 /* CountFunction.swift */ = {isa = PBXFileReference; lastKnownFileType = sourcecode.swift; path = CountFunction.swift; sourceTree = "<group>"; };
		9ACCEB011ED30A8600DFAE41 /* Status.swift */ = {isa = PBXFileReference; fileEncoding = 4; lastKnownFileType = sourcecode.swift; path = Status.swift; sourceTree = "<group>"; };
		9ACCEB031EDAF63C00DFAE41 /* Statement.swift */ = {isa = PBXFileReference; fileEncoding = 4; lastKnownFileType = sourcecode.swift; path = Statement.swift; sourceTree = "<group>"; };
		9AD2D59A1EE038BC002E9C67 /* Destructor.swift */ = {isa = PBXFileReference; fileEncoding = 4; lastKnownFileType = sourcecode.swift; path = Destructor.swift; sourceTree = "<group>"; };
		9AE0447320868E3C007CFC6F /* ResultSetTests.swift */ = {isa = PBXFileReference; lastKnownFileType = sourcecode.swift; path = ResultSetTests.swift; sourceTree = "<group>"; };
		9AE519271EE897A60038ED22 /* ColumnType.swift */ = {isa = PBXFileReference; lastKnownFileType = sourcecode.swift; path = ColumnType.swift; sourceTree = "<group>"; };
		9AE5192A1EE898060038ED22 /* ColumnTypeTests.swift */ = {isa = PBXFileReference; lastKnownFileType = sourcecode.swift; path = ColumnTypeTests.swift; sourceTree = "<group>"; };
/* End PBXFileReference section */

/* Begin PBXFrameworksBuildPhase section */
		9A49DC491EC49A170053710B /* Frameworks */ = {
			isa = PBXFrameworksBuildPhase;
			buildActionMask = 2147483647;
			files = (
			);
			runOnlyForDeploymentPostprocessing = 0;
		};
		9A49DC531EC49A170053710B /* Frameworks */ = {
			isa = PBXFrameworksBuildPhase;
			buildActionMask = 2147483647;
			files = (
				9A49DC571EC49A170053710B /* SQLite.framework in Frameworks */,
			);
			runOnlyForDeploymentPostprocessing = 0;
		};
		9A49DC691EC49A5F0053710B /* Frameworks */ = {
			isa = PBXFrameworksBuildPhase;
			buildActionMask = 2147483647;
			files = (
			);
			runOnlyForDeploymentPostprocessing = 0;
		};
		9A656D2E21879F8000D3A41C /* Frameworks */ = {
			isa = PBXFrameworksBuildPhase;
			buildActionMask = 2147483647;
			files = (
				9A656D3621879F8000D3A41C /* SQLite.framework in Frameworks */,
			);
			runOnlyForDeploymentPostprocessing = 0;
		};
/* End PBXFrameworksBuildPhase section */

/* Begin PBXGroup section */
		9A08295F2061CC30005BCC20 /* Utilities */ = {
			isa = PBXGroup;
			children = (
				9A0829602061CC47005BCC20 /* SQLite+Database.swift */,
				9A616CA11EE5757000827C5E /* Assertions.swift */,
				9A1019ED207D518F001AFD9C /* String+Name.swift */,
			);
			path = Utilities;
			sourceTree = "<group>";
		};
		9A154C452076780E00A95252 /* Function */ = {
			isa = PBXGroup;
			children = (
				9A29B89D2078010B004D9A72 /* Aggregatable.swift */,
				9A154C462076783700A95252 /* Function.swift */,
				9A154C492076787600A95252 /* Function.Scalar.swift */,
				9A154C4C2076788D00A95252 /* Function.Aggregate.swift */,
				9A154C52207678BC00A95252 /* Function.Kind.swift */,
				9A154C5E2076793C00A95252 /* Function.ArgCount.swift */,
				9A154C4F207678A700A95252 /* Function.Description.swift */,
				9A154C55207678D400A95252 /* Function.Value.swift */,
				9A154C5B2076791900A95252 /* Function.Context.swift */,
			);
			path = Function;
			sourceTree = "<group>";
		};
		9A154C612076884500A95252 /* Optional Protocol */ = {
			isa = PBXGroup;
			children = (
				9A154C622076885900A95252 /* OptionalProtocol.swift */,
			);
			path = "Optional Protocol";
			sourceTree = "<group>";
		};
		9A3FEC332080C32600F7413E /* Column Metadata */ = {
			isa = PBXGroup;
			children = (
				9AE519271EE897A60038ED22 /* ColumnType.swift */,
				9A616CB01EE6C6FC00827C5E /* ColumnMetadata.swift */,
			);
			path = "Column Metadata";
			sourceTree = "<group>";
		};
		9A3FEC342080C33800F7413E /* Statement */ = {
			isa = PBXGroup;
			children = (
				9ACCEB031EDAF63C00DFAE41 /* Statement.swift */,
			);
			path = Statement;
			sourceTree = "<group>";
		};
		9A3FEC352080C34500F7413E /* SQLite */ = {
			isa = PBXGroup;
			children = (
				9A3FEC392080C3AA00F7413E /* Models */,
				9A5C46FE1ED0C49E00CE3627 /* SQLite.swift */,
				9A14143E20741AC8008029F2 /* SQLite.Backup.swift */,
				9A14142C2072C590008029F2 /* SQLite.Blob.swift */,
				9A7F052A2072435D00FBFD09 /* SQLite.Checkpoint.swift */,
				9A523D25206BB266006DEC1E /* SQLite.Hook.swift */,
				9A4D04F120651A2400E00035 /* SQLite.Transaction.swift */,
				9A0829622061E260005BCC20 /* SQLite.Location.swift */,
				9A0829662061E277005BCC20 /* SQLite.OpenOptions.swift */,
				9A0829EF2062FA40005BCC20 /* SQLite+Codable.swift */,
			);
			path = SQLite;
			sourceTree = "<group>";
		};
		9A3FEC362080C35B00F7413E /* Column Metadata */ = {
			isa = PBXGroup;
			children = (
				9AE5192A1EE898060038ED22 /* ColumnTypeTests.swift */,
				9A616CB31EE6CB9800827C5E /* ColumnMetadataTests.swift */,
			);
			path = "Column Metadata";
			sourceTree = "<group>";
		};
		9A3FEC372080C36400F7413E /* Statement */ = {
			isa = PBXGroup;
			children = (
				9A616CA31EE576BE00827C5E /* StatementTests.swift */,
			);
			path = Statement;
			sourceTree = "<group>";
		};
		9A3FEC382080C36F00F7413E /* SQLite */ = {
			isa = PBXGroup;
			children = (
				9AE0447220868E30007CFC6F /* Models */,
				9A736DFE1ED1B8E100A0B389 /* SQLiteTests.swift */,
				9A8943B5207635F50041E3A2 /* SQLite.FunctionTests.swift */,
				9A14144120744ED7008029F2 /* SQLite.BackupTests.swift */,
				9A14142F207393BA008029F2 /* SQLite.BlobTests.swift */,
				9A7F052D2072574400FBFD09 /* SQLite.CheckpointTests.swift */,
				9A115988206D7E3F00C5A755 /* SQLite.HookTests.swift */,
				9A4D050820692D4E00E00035 /* SQLite.PragmaTests.swift */,
				9A4D04F320651A8700E00035 /* SQLite.TransactionTests.swift */,
				9A08296A2061E4D4005BCC20 /* SQLite.LocationTests.swift */,
				9A08296C2061E4E5005BCC20 /* SQLite.OpenOptionsTests.swift */,
				9A0829F12062FA6D005BCC20 /* SQLite+CodableTests.swift */,
			);
			path = SQLite;
			sourceTree = "<group>";
		};
		9A3FEC392080C3AA00F7413E /* Models */ = {
			isa = PBXGroup;
			children = (
				9A3FEC3A2080C3E700F7413E /* ResultSet.swift */,
			);
			path = Models;
			sourceTree = "<group>";
		};
		9A49DC431EC49A170053710B = {
			isa = PBXGroup;
			children = (
				9A49DC4F1EC49A170053710B /* SQLite */,
				9A49DC5A1EC49A170053710B /* SQLiteTests */,
				9A49DC4E1EC49A170053710B /* Products */,
			);
			sourceTree = "<group>";
		};
		9A49DC4E1EC49A170053710B /* Products */ = {
			isa = PBXGroup;
			children = (
				9A49DC4D1EC49A170053710B /* SQLite.framework */,
				9A49DC701EC49A5F0053710B /* SQLite.framework */,
				9A49DC561EC49A170053710B /* SQLiteTests MacOS.xctest */,
				9A656D3121879F8000D3A41C /* SQLiteTests iOS.xctest */,
			);
			name = Products;
			sourceTree = "<group>";
		};
		9A49DC4F1EC49A170053710B /* SQLite */ = {
			isa = PBXGroup;
			children = (
				9A49DC501EC49A170053710B /* SQLite.h */,
				9A4C7C831EDC468B004FE2C9 /* lib */,
				9A154C612076884500A95252 /* Optional Protocol */,
				9A4D058D206A5D8100E00035 /* Extensions */,
				9A4D058C206A5D6E00E00035 /* Pragma */,
				9A154C452076780E00A95252 /* Function */,
				9A3FEC332080C32600F7413E /* Column Metadata */,
				9A3FEC342080C33800F7413E /* Statement */,
				9A4D058B206A5D5B00E00035 /* Models */,
				9A3FEC352080C34500F7413E /* SQLite */,
				9A49DC511EC49A170053710B /* SQLite MacOS.plist */,
				9A49DC711EC49A5F0053710B /* SQLite iOS.plist */,
			);
			path = SQLite;
			sourceTree = "<group>";
		};
		9A49DC5A1EC49A170053710B /* SQLiteTests */ = {
			isa = PBXGroup;
			children = (
				9A08295F2061CC30005BCC20 /* Utilities */,
				9A4D0589206A5D2900E00035 /* Pragma */,
				9A9082C6207CCEA100BE67F1 /* Function */,
				9A3FEC362080C35B00F7413E /* Column Metadata */,
				9A3FEC372080C36400F7413E /* Statement */,
				9A3FEC382080C36F00F7413E /* SQLite */,
				9A4C7C951EDD8663004FE2C9 /* test.sqlite */,
				9A49DC5D1EC49A170053710B /* Info.plist */,
			);
			path = SQLiteTests;
			sourceTree = "<group>";
		};
		9A4C7C831EDC468B004FE2C9 /* lib */ = {
			isa = PBXGroup;
			children = (
				9A4C7C861EDC468B004FE2C9 /* sqlite3.c */,
				9A4C7C871EDC468B004FE2C9 /* sqlite3.h */,
				9A4C7C881EDC468B004FE2C9 /* sqlite3ext.h */,
			);
			path = lib;
			sourceTree = "<group>";
		};
		9A4D0589206A5D2900E00035 /* Pragma */ = {
			isa = PBXGroup;
			children = (
				9A4D050420692A1600E00035 /* PragmaRepresentableTests.swift */,
				9A4D04F920690FBD00E00035 /* PragmaTests.swift */,
				9A4D050620692C7A00E00035 /* Pragma.BooleanTests.swift */,
				9A4D050D206930DF00E00035 /* Pragma.EncodingTests.swift */,
				9A4D0580206993B400E00035 /* Pragma.CacheSizeTests.swift */,
				9A4D0586206A58B200E00035 /* Pragma.JournalModeTests.swift */,
			);
			path = Pragma;
			sourceTree = "<group>";
		};
		9A4D058B206A5D5B00E00035 /* Models */ = {
			isa = PBXGroup;
			children = (
				9AD2D59A1EE038BC002E9C67 /* Destructor.swift */,
				9A154C58207678ED00A95252 /* Encoding.swift */,
				9ACCEB011ED30A8600DFAE41 /* Status.swift */,
				9A115985206D707B00C5A755 /* Action.swift */,
				9A5EF5CF1EDE3FAF00CB16A0 /* Value.swift */,
			);
			path = Models;
			sourceTree = "<group>";
		};
		9A4D058C206A5D6E00E00035 /* Pragma */ = {
			isa = PBXGroup;
			children = (
				9A4D04FE206929E100E00035 /* PragmaRepresentable.swift */,
				9A4D04FB20690FD500E00035 /* Pragma.swift */,
				9A4D0501206929F900E00035 /* Pragma.Boolean.swift */,
				9A4D050B20692DD800E00035 /* Pragma.Encoding.swift */,
				9A4D057C2069922300E00035 /* Pragma.CacheSize.swift */,
				9A4D0582206A57EB00E00035 /* Pragma.JournalMode.swift */,
			);
			path = Pragma;
			sourceTree = "<group>";
		};
		9A4D058D206A5D8100E00035 /* Extensions */ = {
			isa = PBXGroup;
			children = (
				9A616CB61EE6D36000827C5E /* UnsafePointer+String.swift */,
				9A1414312073C69F008029F2 /* Initialize.swift */,
			);
			path = Extensions;
			sourceTree = "<group>";
		};
		9A9082C6207CCEA100BE67F1 /* Function */ = {
			isa = PBXGroup;
			children = (
				9A9082CB207CD15700BE67F1 /* Utilities */,
				9A9082C7207CCEB400BE67F1 /* FunctionTests.swift */,
				9A9082C9207CD12200BE67F1 /* Function.ScalarTests.swift */,
				9A9082CE207CD47C00BE67F1 /* Function.AggregateTests.swift */,
				9A1019EF207D5229001AFD9C /* Function.ArgCountTests.swift */,
				9A1019F1207D52B4001AFD9C /* Function.DescriptionTests.swift */,
				9A1019F3207D5383001AFD9C /* Function.ValueTests.swift */,
				9A101AC9207EA573001AFD9C /* Function.ContextTests.swift */,
			);
			path = Function;
			sourceTree = "<group>";
		};
		9A9082CB207CD15700BE67F1 /* Utilities */ = {
			isa = PBXGroup;
			children = (
				9A9082CC207CD18700BE67F1 /* DoubleFunction.swift */,
				9A9082D0207CD4B800BE67F1 /* SumFunction.swift */,
				9A9082D2207CD6D900BE67F1 /* CountFunction.swift */,
				9A1019EB207D4D7C001AFD9C /* ConcatFunction.swift */,
				9A101ACB207EA5E2001AFD9C /* BlockFunction.swift */,
			);
			path = Utilities;
			sourceTree = "<group>";
		};
		9AE0447220868E30007CFC6F /* Models */ = {
			isa = PBXGroup;
			children = (
				9AE0447320868E3C007CFC6F /* ResultSetTests.swift */,
			);
			path = Models;
			sourceTree = "<group>";
		};
/* End PBXGroup section */

/* Begin PBXHeadersBuildPhase section */
		9A49DC4A1EC49A170053710B /* Headers */ = {
			isa = PBXHeadersBuildPhase;
			buildActionMask = 2147483647;
			files = (
				9A4C7C911EDC468B004FE2C9 /* sqlite3ext.h in Headers */,
				9A4C7C8F1EDC468B004FE2C9 /* sqlite3.h in Headers */,
				9A49DC5E1EC49A170053710B /* SQLite.h in Headers */,
			);
			runOnlyForDeploymentPostprocessing = 0;
		};
		9A49DC6A1EC49A5F0053710B /* Headers */ = {
			isa = PBXHeadersBuildPhase;
			buildActionMask = 2147483647;
			files = (
				9A4C7C921EDC468B004FE2C9 /* sqlite3ext.h in Headers */,
				9A4C7C901EDC468B004FE2C9 /* sqlite3.h in Headers */,
				9A49DC6B1EC49A5F0053710B /* SQLite.h in Headers */,
			);
			runOnlyForDeploymentPostprocessing = 0;
		};
/* End PBXHeadersBuildPhase section */

/* Begin PBXNativeTarget section */
		9A49DC4C1EC49A170053710B /* SQLite MacOS */ = {
			isa = PBXNativeTarget;
			buildConfigurationList = 9A49DC611EC49A170053710B /* Build configuration list for PBXNativeTarget "SQLite MacOS" */;
			buildPhases = (
				9A49DC481EC49A170053710B /* Sources */,
				9A49DC491EC49A170053710B /* Frameworks */,
				9A49DC4A1EC49A170053710B /* Headers */,
				9A49DC4B1EC49A170053710B /* Resources */,
			);
			buildRules = (
			);
			dependencies = (
			);
			name = "SQLite MacOS";
			productName = Mortar;
			productReference = 9A49DC4D1EC49A170053710B /* SQLite.framework */;
			productType = "com.apple.product-type.framework";
		};
		9A49DC551EC49A170053710B /* SQLiteTests MacOS */ = {
			isa = PBXNativeTarget;
			buildConfigurationList = 9A49DC641EC49A170053710B /* Build configuration list for PBXNativeTarget "SQLiteTests MacOS" */;
			buildPhases = (
				9A49DC521EC49A170053710B /* Sources */,
				9A49DC531EC49A170053710B /* Frameworks */,
				9A49DC541EC49A170053710B /* Resources */,
			);
			buildRules = (
			);
			dependencies = (
				9A49DC591EC49A170053710B /* PBXTargetDependency */,
			);
			name = "SQLiteTests MacOS";
			productName = MortarTests;
			productReference = 9A49DC561EC49A170053710B /* SQLiteTests MacOS.xctest */;
			productType = "com.apple.product-type.bundle.unit-test";
		};
		9A49DC671EC49A5F0053710B /* SQLite iOS */ = {
			isa = PBXNativeTarget;
			buildConfigurationList = 9A49DC6D1EC49A5F0053710B /* Build configuration list for PBXNativeTarget "SQLite iOS" */;
			buildPhases = (
				9A49DC681EC49A5F0053710B /* Sources */,
				9A49DC691EC49A5F0053710B /* Frameworks */,
				9A49DC6A1EC49A5F0053710B /* Headers */,
				9A49DC6C1EC49A5F0053710B /* Resources */,
			);
			buildRules = (
			);
			dependencies = (
			);
			name = "SQLite iOS";
			productName = Mortar;
			productReference = 9A49DC701EC49A5F0053710B /* SQLite.framework */;
			productType = "com.apple.product-type.framework";
		};
		9A656D3021879F8000D3A41C /* SQLiteTests iOS */ = {
			isa = PBXNativeTarget;
			buildConfigurationList = 9A656D3921879F8000D3A41C /* Build configuration list for PBXNativeTarget "SQLiteTests iOS" */;
			buildPhases = (
				9A656D2D21879F8000D3A41C /* Sources */,
				9A656D2E21879F8000D3A41C /* Frameworks */,
				9A656D2F21879F8000D3A41C /* Resources */,
			);
			buildRules = (
			);
			dependencies = (
				9A656D3821879F8000D3A41C /* PBXTargetDependency */,
			);
			name = "SQLiteTests iOS";
			productName = "SQLiteTests iOS";
			productReference = 9A656D3121879F8000D3A41C /* SQLiteTests iOS.xctest */;
			productType = "com.apple.product-type.bundle.unit-test";
		};
/* End PBXNativeTarget section */

/* Begin PBXProject section */
		9A49DC441EC49A170053710B /* Project object */ = {
			isa = PBXProject;
			attributes = {
				LastSwiftUpdateCheck = 1000;
				LastUpgradeCheck = 0930;
				ORGANIZATIONNAME = "Dima Bart";
				TargetAttributes = {
					9A49DC4C1EC49A170053710B = {
						CreatedOnToolsVersion = 8.3.1;
						DevelopmentTeam = MK88G5Q6ZN;
						LastSwiftMigration = 1000;
						ProvisioningStyle = Automatic;
					};
					9A49DC551EC49A170053710B = {
						CreatedOnToolsVersion = 8.3.1;
						DevelopmentTeam = MK88G5Q6ZN;
						LastSwiftMigration = 1000;
						ProvisioningStyle = Automatic;
					};
					9A49DC671EC49A5F0053710B = {
						DevelopmentTeam = MK88G5Q6ZN;
						LastSwiftMigration = 1000;
					};
					9A656D3021879F8000D3A41C = {
						CreatedOnToolsVersion = 10.0;
						ProvisioningStyle = Automatic;
					};
				};
			};
			buildConfigurationList = 9A49DC471EC49A170053710B /* Build configuration list for PBXProject "SQLite" */;
			compatibilityVersion = "Xcode 3.2";
			developmentRegion = English;
			hasScannedForEncodings = 0;
			knownRegions = (
				en,
			);
			mainGroup = 9A49DC431EC49A170053710B;
			productRefGroup = 9A49DC4E1EC49A170053710B /* Products */;
			projectDirPath = "";
			projectRoot = "";
			targets = (
				9A49DC4C1EC49A170053710B /* SQLite MacOS */,
				9A49DC671EC49A5F0053710B /* SQLite iOS */,
				9A49DC551EC49A170053710B /* SQLiteTests MacOS */,
				9A656D3021879F8000D3A41C /* SQLiteTests iOS */,
			);
		};
/* End PBXProject section */

/* Begin PBXResourcesBuildPhase section */
		9A49DC4B1EC49A170053710B /* Resources */ = {
			isa = PBXResourcesBuildPhase;
			buildActionMask = 2147483647;
			files = (
			);
			runOnlyForDeploymentPostprocessing = 0;
		};
		9A49DC541EC49A170053710B /* Resources */ = {
			isa = PBXResourcesBuildPhase;
			buildActionMask = 2147483647;
			files = (
				9A4C7C961EDD8DEA004FE2C9 /* test.sqlite in Resources */,
			);
			runOnlyForDeploymentPostprocessing = 0;
		};
		9A49DC6C1EC49A5F0053710B /* Resources */ = {
			isa = PBXResourcesBuildPhase;
			buildActionMask = 2147483647;
			files = (
			);
			runOnlyForDeploymentPostprocessing = 0;
		};
		9A656D2F21879F8000D3A41C /* Resources */ = {
			isa = PBXResourcesBuildPhase;
			buildActionMask = 2147483647;
			files = (
				9A656D602187A02B00D3A41C /* test.sqlite in Resources */,
			);
			runOnlyForDeploymentPostprocessing = 0;
		};
/* End PBXResourcesBuildPhase section */

/* Begin PBXSourcesBuildPhase section */
		9A49DC481EC49A170053710B /* Sources */ = {
			isa = PBXSourcesBuildPhase;
			buildActionMask = 2147483647;
			files = (
				9A0829692061E27D005BCC20 /* SQLite.OpenOptions.swift in Sources */,
				9A154C5F2076793C00A95252 /* Function.ArgCount.swift in Sources */,
				9A523D26206BB266006DEC1E /* SQLite.Hook.swift in Sources */,
				9A7F052B2072435D00FBFD09 /* SQLite.Checkpoint.swift in Sources */,
				9A4D04F220651A2400E00035 /* SQLite.Transaction.swift in Sources */,
				9A5C46FF1ED0C49E00CE3627 /* SQLite.swift in Sources */,
				9A1414342073C6C4008029F2 /* Initialize.swift in Sources */,
				9A115986206D707B00C5A755 /* Action.swift in Sources */,
				9A14143F20741AC8008029F2 /* SQLite.Backup.swift in Sources */,
				9A14142D2072C590008029F2 /* SQLite.Blob.swift in Sources */,
				9A154C53207678BC00A95252 /* Function.Kind.swift in Sources */,
				9A4D050C20692DD800E00035 /* Pragma.Encoding.swift in Sources */,
				9A4D04FC20690FD500E00035 /* Pragma.swift in Sources */,
				9AD2D59B1EE038BC002E9C67 /* Destructor.swift in Sources */,
				9A154C56207678D400A95252 /* Function.Value.swift in Sources */,
				9A4D0585206A57F000E00035 /* Pragma.JournalMode.swift in Sources */,
				9A154C50207678A700A95252 /* Function.Description.swift in Sources */,
				9ACCEB021ED30A8600DFAE41 /* Status.swift in Sources */,
				9A154C59207678ED00A95252 /* Encoding.swift in Sources */,
				9ACCEB041EDAF63C00DFAE41 /* Statement.swift in Sources */,
				9A4D04FF206929E100E00035 /* PragmaRepresentable.swift in Sources */,
				9A616CB11EE6C6FC00827C5E /* ColumnMetadata.swift in Sources */,
				9A154C472076783700A95252 /* Function.swift in Sources */,
				9A29B89E2078010B004D9A72 /* Aggregatable.swift in Sources */,
				9A4D057F2069922800E00035 /* Pragma.CacheSize.swift in Sources */,
				9A0829F02062FA40005BCC20 /* SQLite+Codable.swift in Sources */,
				9AE519281EE897A60038ED22 /* ColumnType.swift in Sources */,
				9A154C4A2076787600A95252 /* Function.Scalar.swift in Sources */,
				9A154C632076885900A95252 /* OptionalProtocol.swift in Sources */,
				9A4D0502206929F900E00035 /* Pragma.Boolean.swift in Sources */,
				9A154C5C2076791900A95252 /* Function.Context.swift in Sources */,
				9A4C7C8D1EDC468B004FE2C9 /* sqlite3.c in Sources */,
				9A154C4D2076788D00A95252 /* Function.Aggregate.swift in Sources */,
				9A616CB71EE6D36000827C5E /* UnsafePointer+String.swift in Sources */,
				9A5EF5D01EDE3FAF00CB16A0 /* Value.swift in Sources */,
				9A3FEC3B2080C3E700F7413E /* ResultSet.swift in Sources */,
				9A0829652061E267005BCC20 /* SQLite.Location.swift in Sources */,
			);
			runOnlyForDeploymentPostprocessing = 0;
		};
		9A49DC521EC49A170053710B /* Sources */ = {
			isa = PBXSourcesBuildPhase;
			buildActionMask = 2147483647;
			files = (
				9A9082C8207CCEB400BE67F1 /* FunctionTests.swift in Sources */,
				9A9082D3207CD6D900BE67F1 /* CountFunction.swift in Sources */,
				9A4D050720692C7A00E00035 /* Pragma.BooleanTests.swift in Sources */,
				9A101ACC207EA5E2001AFD9C /* BlockFunction.swift in Sources */,
				9A1019EE207D518F001AFD9C /* String+Name.swift in Sources */,
				9AE0447420868E3C007CFC6F /* ResultSetTests.swift in Sources */,
				9A616CB41EE6CB9800827C5E /* ColumnMetadataTests.swift in Sources */,
				9A1019F2207D52B4001AFD9C /* Function.DescriptionTests.swift in Sources */,
				9A101ACA207EA573001AFD9C /* Function.ContextTests.swift in Sources */,
				9A14144220744ED7008029F2 /* SQLite.BackupTests.swift in Sources */,
				9A9082CF207CD47C00BE67F1 /* Function.AggregateTests.swift in Sources */,
				9A1019F4207D5383001AFD9C /* Function.ValueTests.swift in Sources */,
				9A616CA21EE5757000827C5E /* Assertions.swift in Sources */,
				9A115989206D7E3F00C5A755 /* SQLite.HookTests.swift in Sources */,
				9A9082D1207CD4B800BE67F1 /* SumFunction.swift in Sources */,
				9A4D050E206930DF00E00035 /* Pragma.EncodingTests.swift in Sources */,
				9A1019EC207D4D7C001AFD9C /* ConcatFunction.swift in Sources */,
				9A0829612061CC47005BCC20 /* SQLite+Database.swift in Sources */,
				9A7F052E2072574400FBFD09 /* SQLite.CheckpointTests.swift in Sources */,
				9A9082CD207CD18700BE67F1 /* DoubleFunction.swift in Sources */,
				9A08296D2061E4E5005BCC20 /* SQLite.OpenOptionsTests.swift in Sources */,
				9A9082CA207CD12200BE67F1 /* Function.ScalarTests.swift in Sources */,
				9A4D050520692A1600E00035 /* PragmaRepresentableTests.swift in Sources */,
				9AE5192B1EE898060038ED22 /* ColumnTypeTests.swift in Sources */,
				9A0829F22062FA6D005BCC20 /* SQLite+CodableTests.swift in Sources */,
				9A141430207393BA008029F2 /* SQLite.BlobTests.swift in Sources */,
				9A4D04FA20690FBD00E00035 /* PragmaTests.swift in Sources */,
				9A736DFF1ED1B8E100A0B389 /* SQLiteTests.swift in Sources */,
				9A4D050920692D4E00E00035 /* SQLite.PragmaTests.swift in Sources */,
				9A1019F0207D5229001AFD9C /* Function.ArgCountTests.swift in Sources */,
				9A4D0587206A58B200E00035 /* Pragma.JournalModeTests.swift in Sources */,
				9A4D04F420651A8700E00035 /* SQLite.TransactionTests.swift in Sources */,
				9A616CA41EE576BE00827C5E /* StatementTests.swift in Sources */,
				9A4D0581206993B400E00035 /* Pragma.CacheSizeTests.swift in Sources */,
				9A8943B6207635F50041E3A2 /* SQLite.FunctionTests.swift in Sources */,
				9A08296B2061E4D4005BCC20 /* SQLite.LocationTests.swift in Sources */,
			);
			runOnlyForDeploymentPostprocessing = 0;
		};
		9A49DC681EC49A5F0053710B /* Sources */ = {
			isa = PBXSourcesBuildPhase;
			buildActionMask = 2147483647;
			files = (
				9A0829682061E27C005BCC20 /* SQLite.OpenOptions.swift in Sources */,
				9A154C602076793C00A95252 /* Function.ArgCount.swift in Sources */,
				9A1414282072C562008029F2 /* Pragma.Boolean.swift in Sources */,
				9A1414272072C562008029F2 /* Pragma.swift in Sources */,
				9A115987206D707E00C5A755 /* Action.swift in Sources */,
				9A5C47001ED0C49E00CE3627 /* SQLite.swift in Sources */,
				9A1414332073C6C4008029F2 /* Initialize.swift in Sources */,
				9A4C7C8E1EDC468B004FE2C9 /* sqlite3.c in Sources */,
				9A14144020741AC8008029F2 /* SQLite.Backup.swift in Sources */,
				9A14142E2072C590008029F2 /* SQLite.Blob.swift in Sources */,
				9A154C54207678BC00A95252 /* Function.Kind.swift in Sources */,
				9A4C7C931EDC46C4004FE2C9 /* Status.swift in Sources */,
				9A1414262072C562008029F2 /* PragmaRepresentable.swift in Sources */,
				9A616CB81EE6D36000827C5E /* UnsafePointer+String.swift in Sources */,
				9A154C57207678D400A95252 /* Function.Value.swift in Sources */,
				9A4C7C941EDC46C4004FE2C9 /* Statement.swift in Sources */,
				9A154C51207678A700A95252 /* Function.Description.swift in Sources */,
				9A523D27206BB403006DEC1E /* SQLite.Hook.swift in Sources */,
				9A154C5A207678ED00A95252 /* Encoding.swift in Sources */,
				9AF46A0B1EE71E1400513F25 /* Destructor.swift in Sources */,
				9AE519291EE897A60038ED22 /* ColumnType.swift in Sources */,
				9A1414292072C562008029F2 /* Pragma.Encoding.swift in Sources */,
				9A154C482076783700A95252 /* Function.swift in Sources */,
				9A29B89F20780122004D9A72 /* Aggregatable.swift in Sources */,
				9A1414232072C546008029F2 /* SQLite.Transaction.swift in Sources */,
				9A1414242072C54F008029F2 /* SQLite+Codable.swift in Sources */,
				9A14142A2072C562008029F2 /* Pragma.CacheSize.swift in Sources */,
				9A154C4B2076787600A95252 /* Function.Scalar.swift in Sources */,
				9A154C642076885900A95252 /* OptionalProtocol.swift in Sources */,
				9A616CB21EE6C6FC00827C5E /* ColumnMetadata.swift in Sources */,
				9A154C5D2076791900A95252 /* Function.Context.swift in Sources */,
				9AF46A0C1EE71E1900513F25 /* Value.swift in Sources */,
				9A154C4E2076788D00A95252 /* Function.Aggregate.swift in Sources */,
				9A14142B2072C562008029F2 /* Pragma.JournalMode.swift in Sources */,
				9A0829642061E266005BCC20 /* SQLite.Location.swift in Sources */,
				9A3FEC3C2080C3E700F7413E /* ResultSet.swift in Sources */,
				9A7F052C2072436200FBFD09 /* SQLite.Checkpoint.swift in Sources */,
			);
			runOnlyForDeploymentPostprocessing = 0;
		};
		9A656D2D21879F8000D3A41C /* Sources */ = {
			isa = PBXSourcesBuildPhase;
			buildActionMask = 2147483647;
			files = (
				9A656D5A2187A00E00D3A41C /* SQLite.HookTests.swift in Sources */,
				9A656D582187A00E00D3A41C /* SQLite.BlobTests.swift in Sources */,
				9A656D542187A00E00D3A41C /* ResultSetTests.swift in Sources */,
				9A656D4E2187A00E00D3A41C /* Function.DescriptionTests.swift in Sources */,
				9A656D402187A00E00D3A41C /* PragmaTests.swift in Sources */,
				9A656D4D2187A00E00D3A41C /* Function.ArgCountTests.swift in Sources */,
				9A656D412187A00E00D3A41C /* Pragma.BooleanTests.swift in Sources */,
				9A656D5E2187A00E00D3A41C /* SQLite.OpenOptionsTests.swift in Sources */,
				9A656D4B2187A00E00D3A41C /* Function.ScalarTests.swift in Sources */,
				9A656D422187A00E00D3A41C /* Pragma.EncodingTests.swift in Sources */,
				9A656D562187A00E00D3A41C /* SQLite.FunctionTests.swift in Sources */,
				9A656D492187A00E00D3A41C /* BlockFunction.swift in Sources */,
				9A656D462187A00E00D3A41C /* SumFunction.swift in Sources */,
				9A656D3F2187A00E00D3A41C /* PragmaRepresentableTests.swift in Sources */,
				9A656D5F2187A00E00D3A41C /* SQLite+CodableTests.swift in Sources */,
				9A656D482187A00E00D3A41C /* ConcatFunction.swift in Sources */,
				9A656D5C2187A00E00D3A41C /* SQLite.TransactionTests.swift in Sources */,
				9A656D472187A00E00D3A41C /* CountFunction.swift in Sources */,
				9A656D452187A00E00D3A41C /* DoubleFunction.swift in Sources */,
				9A656D4F2187A00E00D3A41C /* Function.ValueTests.swift in Sources */,
				9A656D4C2187A00E00D3A41C /* Function.AggregateTests.swift in Sources */,
				9A656D572187A00E00D3A41C /* SQLite.BackupTests.swift in Sources */,
				9A656D592187A00E00D3A41C /* SQLite.CheckpointTests.swift in Sources */,
				9A656D5D2187A00E00D3A41C /* SQLite.LocationTests.swift in Sources */,
				9A656D3E2187A00E00D3A41C /* String+Name.swift in Sources */,
				9A656D4A2187A00E00D3A41C /* FunctionTests.swift in Sources */,
				9A656D3D2187A00E00D3A41C /* Assertions.swift in Sources */,
				9A656D522187A00E00D3A41C /* ColumnMetadataTests.swift in Sources */,
				9A656D512187A00E00D3A41C /* ColumnTypeTests.swift in Sources */,
				9A656D432187A00E00D3A41C /* Pragma.CacheSizeTests.swift in Sources */,
				9A656D502187A00E00D3A41C /* Function.ContextTests.swift in Sources */,
				9A656D442187A00E00D3A41C /* Pragma.JournalModeTests.swift in Sources */,
				9A656D3C2187A00E00D3A41C /* SQLite+Database.swift in Sources */,
				9A656D532187A00E00D3A41C /* StatementTests.swift in Sources */,
				9A656D5B2187A00E00D3A41C /* SQLite.PragmaTests.swift in Sources */,
				9A656D552187A00E00D3A41C /* SQLiteTests.swift in Sources */,
			);
			runOnlyForDeploymentPostprocessing = 0;
		};
/* End PBXSourcesBuildPhase section */

/* Begin PBXTargetDependency section */
		9A49DC591EC49A170053710B /* PBXTargetDependency */ = {
			isa = PBXTargetDependency;
			target = 9A49DC4C1EC49A170053710B /* SQLite MacOS */;
			targetProxy = 9A49DC581EC49A170053710B /* PBXContainerItemProxy */;
		};
		9A656D3821879F8000D3A41C /* PBXTargetDependency */ = {
			isa = PBXTargetDependency;
			target = 9A49DC671EC49A5F0053710B /* SQLite iOS */;
			targetProxy = 9A656D3721879F8000D3A41C /* PBXContainerItemProxy */;
		};
/* End PBXTargetDependency section */

/* Begin XCBuildConfiguration section */
		9A49DC5F1EC49A170053710B /* Debug */ = {
			isa = XCBuildConfiguration;
			buildSettings = {
				ALWAYS_SEARCH_USER_PATHS = NO;
				CLANG_ANALYZER_NONNULL = YES;
				CLANG_ANALYZER_NUMBER_OBJECT_CONVERSION = YES_AGGRESSIVE;
				CLANG_CXX_LANGUAGE_STANDARD = "gnu++0x";
				CLANG_CXX_LIBRARY = "libc++";
				CLANG_ENABLE_MODULES = YES;
				CLANG_ENABLE_OBJC_ARC = YES;
				CLANG_WARN_BLOCK_CAPTURE_AUTORELEASING = YES;
				CLANG_WARN_BOOL_CONVERSION = YES;
				CLANG_WARN_COMMA = YES;
				CLANG_WARN_CONSTANT_CONVERSION = YES;
				CLANG_WARN_DEPRECATED_OBJC_IMPLEMENTATIONS = YES;
				CLANG_WARN_DIRECT_OBJC_ISA_USAGE = YES_ERROR;
				CLANG_WARN_DOCUMENTATION_COMMENTS = YES;
				CLANG_WARN_EMPTY_BODY = YES;
				CLANG_WARN_ENUM_CONVERSION = YES;
				CLANG_WARN_INFINITE_RECURSION = YES;
				CLANG_WARN_INT_CONVERSION = YES;
				CLANG_WARN_NON_LITERAL_NULL_CONVERSION = YES;
				CLANG_WARN_OBJC_IMPLICIT_RETAIN_SELF = YES;
				CLANG_WARN_OBJC_LITERAL_CONVERSION = YES;
				CLANG_WARN_OBJC_ROOT_CLASS = YES_ERROR;
				CLANG_WARN_RANGE_LOOP_ANALYSIS = YES;
				CLANG_WARN_STRICT_PROTOTYPES = YES;
				CLANG_WARN_SUSPICIOUS_MOVE = YES;
				CLANG_WARN_UNREACHABLE_CODE = YES;
				CLANG_WARN__DUPLICATE_METHOD_MATCH = YES;
				CODE_SIGN_IDENTITY = "-";
				COPY_PHASE_STRIP = NO;
				CURRENT_PROJECT_VERSION = 1;
				DEBUG_INFORMATION_FORMAT = dwarf;
				ENABLE_STRICT_OBJC_MSGSEND = YES;
				ENABLE_TESTABILITY = YES;
				GCC_C_LANGUAGE_STANDARD = gnu99;
				GCC_DYNAMIC_NO_PIC = NO;
				GCC_NO_COMMON_BLOCKS = YES;
				GCC_OPTIMIZATION_LEVEL = 0;
				GCC_PREPROCESSOR_DEFINITIONS = (
					"DEBUG=1",
					"$(inherited)",
					"SQLITE_ENABLE_COLUMN_METADATA=1",
				);
				GCC_WARN_64_TO_32_BIT_CONVERSION = YES;
				GCC_WARN_ABOUT_RETURN_TYPE = YES_ERROR;
				GCC_WARN_UNDECLARED_SELECTOR = YES;
				GCC_WARN_UNINITIALIZED_AUTOS = YES_AGGRESSIVE;
				GCC_WARN_UNUSED_FUNCTION = YES;
				GCC_WARN_UNUSED_VARIABLE = YES;
				MACOSX_DEPLOYMENT_TARGET = 10.12;
				MTL_ENABLE_DEBUG_INFO = YES;
				ONLY_ACTIVE_ARCH = YES;
				SDKROOT = macosx;
				SWIFT_ACTIVE_COMPILATION_CONDITIONS = "DEBUG SQLITE_ENABLE_COLUMN_METADATA";
				SWIFT_OPTIMIZATION_LEVEL = "-Onone";
				VERSIONING_SYSTEM = "apple-generic";
				VERSION_INFO_PREFIX = "";
			};
			name = Debug;
		};
		9A49DC601EC49A170053710B /* Release */ = {
			isa = XCBuildConfiguration;
			buildSettings = {
				ALWAYS_SEARCH_USER_PATHS = NO;
				CLANG_ANALYZER_NONNULL = YES;
				CLANG_ANALYZER_NUMBER_OBJECT_CONVERSION = YES_AGGRESSIVE;
				CLANG_CXX_LANGUAGE_STANDARD = "gnu++0x";
				CLANG_CXX_LIBRARY = "libc++";
				CLANG_ENABLE_MODULES = YES;
				CLANG_ENABLE_OBJC_ARC = YES;
				CLANG_WARN_BLOCK_CAPTURE_AUTORELEASING = YES;
				CLANG_WARN_BOOL_CONVERSION = YES;
				CLANG_WARN_COMMA = YES;
				CLANG_WARN_CONSTANT_CONVERSION = YES;
				CLANG_WARN_DEPRECATED_OBJC_IMPLEMENTATIONS = YES;
				CLANG_WARN_DIRECT_OBJC_ISA_USAGE = YES_ERROR;
				CLANG_WARN_DOCUMENTATION_COMMENTS = YES;
				CLANG_WARN_EMPTY_BODY = YES;
				CLANG_WARN_ENUM_CONVERSION = YES;
				CLANG_WARN_INFINITE_RECURSION = YES;
				CLANG_WARN_INT_CONVERSION = YES;
				CLANG_WARN_NON_LITERAL_NULL_CONVERSION = YES;
				CLANG_WARN_OBJC_IMPLICIT_RETAIN_SELF = YES;
				CLANG_WARN_OBJC_LITERAL_CONVERSION = YES;
				CLANG_WARN_OBJC_ROOT_CLASS = YES_ERROR;
				CLANG_WARN_RANGE_LOOP_ANALYSIS = YES;
				CLANG_WARN_STRICT_PROTOTYPES = YES;
				CLANG_WARN_SUSPICIOUS_MOVE = YES;
				CLANG_WARN_UNREACHABLE_CODE = YES;
				CLANG_WARN__DUPLICATE_METHOD_MATCH = YES;
				CODE_SIGN_IDENTITY = "-";
				COPY_PHASE_STRIP = NO;
				CURRENT_PROJECT_VERSION = 1;
				DEBUG_INFORMATION_FORMAT = "dwarf-with-dsym";
				ENABLE_NS_ASSERTIONS = NO;
				ENABLE_STRICT_OBJC_MSGSEND = YES;
				GCC_C_LANGUAGE_STANDARD = gnu99;
				GCC_NO_COMMON_BLOCKS = YES;
				GCC_PREPROCESSOR_DEFINITIONS = "SQLITE_ENABLE_COLUMN_METADATA=1";
				GCC_WARN_64_TO_32_BIT_CONVERSION = YES;
				GCC_WARN_ABOUT_RETURN_TYPE = YES_ERROR;
				GCC_WARN_UNDECLARED_SELECTOR = YES;
				GCC_WARN_UNINITIALIZED_AUTOS = YES_AGGRESSIVE;
				GCC_WARN_UNUSED_FUNCTION = YES;
				GCC_WARN_UNUSED_VARIABLE = YES;
				MACOSX_DEPLOYMENT_TARGET = 10.12;
				MTL_ENABLE_DEBUG_INFO = NO;
				SDKROOT = macosx;
				SWIFT_ACTIVE_COMPILATION_CONDITIONS = SQLITE_ENABLE_COLUMN_METADATA;
				SWIFT_OPTIMIZATION_LEVEL = "-Owholemodule";
				VERSIONING_SYSTEM = "apple-generic";
				VERSION_INFO_PREFIX = "";
			};
			name = Release;
		};
		9A49DC621EC49A170053710B /* Debug */ = {
			isa = XCBuildConfiguration;
			buildSettings = {
				CLANG_ENABLE_MODULES = YES;
				CODE_SIGN_IDENTITY = "";
				COMBINE_HIDPI_IMAGES = YES;
				DEFINES_MODULE = YES;
				DEVELOPMENT_TEAM = MK88G5Q6ZN;
				DYLIB_COMPATIBILITY_VERSION = 1;
				DYLIB_CURRENT_VERSION = 1;
				DYLIB_INSTALL_NAME_BASE = "@rpath";
				FRAMEWORK_VERSION = A;
				GCC_PREPROCESSOR_DEFINITIONS = (
					"DEBUG=1",
					"$(inherited)",
					"SQLITE_ENABLE_COLUMN_METADATA=1",
					"SQLITE_ENABLE_PREUPDATE_HOOK=1",
				);
				INFOPLIST_FILE = "SQLite/SQLite MacOS.plist";
				INSTALL_PATH = "$(LOCAL_LIBRARY_DIR)/Frameworks";
				LD_RUNPATH_SEARCH_PATHS = "$(inherited) @executable_path/../Frameworks @loader_path/Frameworks";
				MACH_O_TYPE = staticlib;
				OTHER_SWIFT_FLAGS = "-Xfrontend -warn-long-function-bodies=300";
				PRODUCT_BUNDLE_IDENTIFIER = com.dimabart.SQLite;
				PRODUCT_NAME = SQLite;
				SKIP_INSTALL = YES;
				SWIFT_OPTIMIZATION_LEVEL = "-Onone";
				SWIFT_VERSION = 4.2;
			};
			name = Debug;
		};
		9A49DC631EC49A170053710B /* Release */ = {
			isa = XCBuildConfiguration;
			buildSettings = {
				CLANG_ENABLE_MODULES = YES;
				CODE_SIGN_IDENTITY = "";
				COMBINE_HIDPI_IMAGES = YES;
				DEFINES_MODULE = YES;
				DEVELOPMENT_TEAM = MK88G5Q6ZN;
				DYLIB_COMPATIBILITY_VERSION = 1;
				DYLIB_CURRENT_VERSION = 1;
				DYLIB_INSTALL_NAME_BASE = "@rpath";
				FRAMEWORK_VERSION = A;
				GCC_PREPROCESSOR_DEFINITIONS = (
					"SQLITE_ENABLE_COLUMN_METADATA=1",
					"SQLITE_ENABLE_PREUPDATE_HOOK=1",
				);
				INFOPLIST_FILE = "SQLite/SQLite MacOS.plist";
				INSTALL_PATH = "$(LOCAL_LIBRARY_DIR)/Frameworks";
				LD_RUNPATH_SEARCH_PATHS = "$(inherited) @executable_path/../Frameworks @loader_path/Frameworks";
				MACH_O_TYPE = staticlib;
				OTHER_SWIFT_FLAGS = "-Xfrontend -warn-long-function-bodies=300";
				PRODUCT_BUNDLE_IDENTIFIER = com.dimabart.SQLite;
				PRODUCT_NAME = SQLite;
				SKIP_INSTALL = YES;
				SWIFT_VERSION = 4.2;
			};
			name = Release;
		};
		9A49DC651EC49A170053710B /* Debug */ = {
			isa = XCBuildConfiguration;
			buildSettings = {
				ALWAYS_EMBED_SWIFT_STANDARD_LIBRARIES = YES;
				CLANG_ENABLE_MODULES = YES;
				COMBINE_HIDPI_IMAGES = YES;
				DEVELOPMENT_TEAM = MK88G5Q6ZN;
				INFOPLIST_FILE = SQLiteTests/Info.plist;
				LD_RUNPATH_SEARCH_PATHS = "$(inherited) @executable_path/../Frameworks @loader_path/../Frameworks";
				PRODUCT_BUNDLE_IDENTIFIER = "com.dimabart.SQLiteTests-MacOS";
				PRODUCT_NAME = "$(TARGET_NAME)";
				SWIFT_OPTIMIZATION_LEVEL = "-Onone";
				SWIFT_VERSION = 4.2;
			};
			name = Debug;
		};
		9A49DC661EC49A170053710B /* Release */ = {
			isa = XCBuildConfiguration;
			buildSettings = {
				ALWAYS_EMBED_SWIFT_STANDARD_LIBRARIES = YES;
				CLANG_ENABLE_MODULES = YES;
				COMBINE_HIDPI_IMAGES = YES;
				DEVELOPMENT_TEAM = MK88G5Q6ZN;
				INFOPLIST_FILE = SQLiteTests/Info.plist;
				LD_RUNPATH_SEARCH_PATHS = "$(inherited) @executable_path/../Frameworks @loader_path/../Frameworks";
				PRODUCT_BUNDLE_IDENTIFIER = "com.dimabart.SQLiteTests-MacOS";
				PRODUCT_NAME = "$(TARGET_NAME)";
				SWIFT_VERSION = 4.2;
			};
			name = Release;
		};
		9A49DC6E1EC49A5F0053710B /* Debug */ = {
			isa = XCBuildConfiguration;
			buildSettings = {
				CLANG_ENABLE_MODULES = YES;
				CODE_SIGN_IDENTITY = "";
				COMBINE_HIDPI_IMAGES = YES;
				DEFINES_MODULE = YES;
				DEVELOPMENT_TEAM = MK88G5Q6ZN;
				DYLIB_COMPATIBILITY_VERSION = 1;
				DYLIB_CURRENT_VERSION = 1;
				DYLIB_INSTALL_NAME_BASE = "@rpath";
				FRAMEWORK_VERSION = A;
				GCC_PREPROCESSOR_DEFINITIONS = (
					"DEBUG=1",
					"$(inherited)",
					"SQLITE_ENABLE_COLUMN_METADATA=1",
					"SQLITE_ENABLE_PREUPDATE_HOOK=1",
				);
				INFOPLIST_FILE = "SQLite/SQLite iOS.plist";
				INSTALL_PATH = "$(LOCAL_LIBRARY_DIR)/Frameworks";
				IPHONEOS_DEPLOYMENT_TARGET = 11.0;
				LD_RUNPATH_SEARCH_PATHS = "$(inherited) @executable_path/../Frameworks @loader_path/Frameworks";
				MACH_O_TYPE = staticlib;
				OTHER_SWIFT_FLAGS = "-Xfrontend -warn-long-function-bodies=300";
				PRODUCT_BUNDLE_IDENTIFIER = com.dimabart.SQLite;
				PRODUCT_NAME = SQLite;
				SDKROOT = iphoneos;
				SKIP_INSTALL = YES;
				SWIFT_OPTIMIZATION_LEVEL = "-Onone";
				SWIFT_VERSION = 4.2;
			};
			name = Debug;
		};
		9A49DC6F1EC49A5F0053710B /* Release */ = {
			isa = XCBuildConfiguration;
			buildSettings = {
				CLANG_ENABLE_MODULES = YES;
				CODE_SIGN_IDENTITY = "";
				COMBINE_HIDPI_IMAGES = YES;
				DEFINES_MODULE = YES;
				DEVELOPMENT_TEAM = MK88G5Q6ZN;
				DYLIB_COMPATIBILITY_VERSION = 1;
				DYLIB_CURRENT_VERSION = 1;
				DYLIB_INSTALL_NAME_BASE = "@rpath";
				FRAMEWORK_VERSION = A;
				GCC_PREPROCESSOR_DEFINITIONS = (
					"SQLITE_ENABLE_COLUMN_METADATA=1",
					"SQLITE_ENABLE_PREUPDATE_HOOK=1",
				);
				INFOPLIST_FILE = "SQLite/SQLite iOS.plist";
				INSTALL_PATH = "$(LOCAL_LIBRARY_DIR)/Frameworks";
				IPHONEOS_DEPLOYMENT_TARGET = 11.0;
				LD_RUNPATH_SEARCH_PATHS = "$(inherited) @executable_path/../Frameworks @loader_path/Frameworks";
				MACH_O_TYPE = staticlib;
				OTHER_SWIFT_FLAGS = "-Xfrontend -warn-long-function-bodies=300";
				PRODUCT_BUNDLE_IDENTIFIER = com.dimabart.SQLite;
				PRODUCT_NAME = SQLite;
				SDKROOT = iphoneos;
				SKIP_INSTALL = YES;
				SWIFT_VERSION = 4.2;
			};
			name = Release;
		};
		9A656D3A21879F8000D3A41C /* Debug */ = {
			isa = XCBuildConfiguration;
			buildSettings = {
				CLANG_CXX_LANGUAGE_STANDARD = "gnu++14";
				CLANG_ENABLE_OBJC_WEAK = YES;
				CLANG_WARN_UNGUARDED_AVAILABILITY = YES_AGGRESSIVE;
				CODE_SIGN_IDENTITY = "iPhone Developer";
				CODE_SIGN_STYLE = Automatic;
				GCC_C_LANGUAGE_STANDARD = gnu11;
				GCC_PREPROCESSOR_DEFINITIONS = (
					"DEBUG=1",
					"$(inherited)",
				);
				INFOPLIST_FILE = SQLiteTests/Info.plist;
				IPHONEOS_DEPLOYMENT_TARGET = 12.0;
				LD_RUNPATH_SEARCH_PATHS = "$(inherited) @executable_path/Frameworks @loader_path/Frameworks";
				MTL_ENABLE_DEBUG_INFO = INCLUDE_SOURCE;
				MTL_FAST_MATH = YES;
				PRODUCT_BUNDLE_IDENTIFIER = "com.dimabart.SQLiteTests-iOS";
				PRODUCT_NAME = "$(TARGET_NAME)";
				SDKROOT = iphoneos;
				SWIFT_ACTIVE_COMPILATION_CONDITIONS = DEBUG;
				SWIFT_VERSION = 4.2;
				TARGETED_DEVICE_FAMILY = "1,2";
			};
			name = Debug;
		};
		9A656D3B21879F8000D3A41C /* Release */ = {
			isa = XCBuildConfiguration;
			buildSettings = {
				CLANG_CXX_LANGUAGE_STANDARD = "gnu++14";
				CLANG_ENABLE_OBJC_WEAK = YES;
				CLANG_WARN_UNGUARDED_AVAILABILITY = YES_AGGRESSIVE;
				CODE_SIGN_IDENTITY = "iPhone Developer";
				CODE_SIGN_STYLE = Automatic;
				GCC_C_LANGUAGE_STANDARD = gnu11;
				INFOPLIST_FILE = SQLiteTests/Info.plist;
				IPHONEOS_DEPLOYMENT_TARGET = 12.0;
				LD_RUNPATH_SEARCH_PATHS = "$(inherited) @executable_path/Frameworks @loader_path/Frameworks";
				MTL_FAST_MATH = YES;
				PRODUCT_BUNDLE_IDENTIFIER = "com.dimabart.SQLiteTests-iOS";
				PRODUCT_NAME = "$(TARGET_NAME)";
				SDKROOT = iphoneos;
				SWIFT_VERSION = 4.2;
				TARGETED_DEVICE_FAMILY = "1,2";
				VALIDATE_PRODUCT = YES;
			};
			name = Release;
		};
/* End XCBuildConfiguration section */

/* Begin XCConfigurationList section */
		9A49DC471EC49A170053710B /* Build configuration list for PBXProject "SQLite" */ = {
			isa = XCConfigurationList;
			buildConfigurations = (
				9A49DC5F1EC49A170053710B /* Debug */,
				9A49DC601EC49A170053710B /* Release */,
			);
			defaultConfigurationIsVisible = 0;
			defaultConfigurationName = Release;
		};
		9A49DC611EC49A170053710B /* Build configuration list for PBXNativeTarget "SQLite MacOS" */ = {
			isa = XCConfigurationList;
			buildConfigurations = (
				9A49DC621EC49A170053710B /* Debug */,
				9A49DC631EC49A170053710B /* Release */,
			);
			defaultConfigurationIsVisible = 0;
			defaultConfigurationName = Release;
		};
		9A49DC641EC49A170053710B /* Build configuration list for PBXNativeTarget "SQLiteTests MacOS" */ = {
			isa = XCConfigurationList;
			buildConfigurations = (
				9A49DC651EC49A170053710B /* Debug */,
				9A49DC661EC49A170053710B /* Release */,
			);
			defaultConfigurationIsVisible = 0;
			defaultConfigurationName = Release;
		};
		9A49DC6D1EC49A5F0053710B /* Build configuration list for PBXNativeTarget "SQLite iOS" */ = {
			isa = XCConfigurationList;
			buildConfigurations = (
				9A49DC6E1EC49A5F0053710B /* Debug */,
				9A49DC6F1EC49A5F0053710B /* Release */,
			);
			defaultConfigurationIsVisible = 0;
			defaultConfigurationName = Release;
		};
		9A656D3921879F8000D3A41C /* Build configuration list for PBXNativeTarget "SQLiteTests iOS" */ = {
			isa = XCConfigurationList;
			buildConfigurations = (
				9A656D3A21879F8000D3A41C /* Debug */,
				9A656D3B21879F8000D3A41C /* Release */,
			);
			defaultConfigurationIsVisible = 0;
			defaultConfigurationName = Release;
		};
/* End XCConfigurationList section */
	};
	rootObject = 9A49DC441EC49A170053710B /* Project object */;
}
