// !$*UTF8*$!
{
	archiveVersion = 1;
	classes = {
	};
	objectVersion = 46;
	objects = {

/* Begin PBXBuildFile section */
		9A49DC571EC49A170053710B /* SQLite.framework in Frameworks */ = {isa = PBXBuildFile; fileRef = 9A49DC4D1EC49A170053710B /* SQLite.framework */; };
		9A49DC5E1EC49A170053710B /* SQLite.h in Headers */ = {isa = PBXBuildFile; fileRef = 9A49DC501EC49A170053710B /* SQLite.h */; settings = {ATTRIBUTES = (Public, ); }; };
		9A49DC6B1EC49A5F0053710B /* SQLite.h in Headers */ = {isa = PBXBuildFile; fileRef = 9A49DC501EC49A170053710B /* SQLite.h */; settings = {ATTRIBUTES = (Public, ); }; };
		9A5C46F61ED0C3A300CE3627 /* sqlite3.c in Sources */ = {isa = PBXBuildFile; fileRef = 9A5C46F31ED0C3A300CE3627 /* sqlite3.c */; };
		9A5C46F71ED0C3A300CE3627 /* sqlite3.c in Sources */ = {isa = PBXBuildFile; fileRef = 9A5C46F31ED0C3A300CE3627 /* sqlite3.c */; };
		9A5C46F81ED0C3A300CE3627 /* sqlite3.h in Headers */ = {isa = PBXBuildFile; fileRef = 9A5C46F41ED0C3A300CE3627 /* sqlite3.h */; settings = {ATTRIBUTES = (Public, ); }; };
		9A5C46F91ED0C3A300CE3627 /* sqlite3.h in Headers */ = {isa = PBXBuildFile; fileRef = 9A5C46F41ED0C3A300CE3627 /* sqlite3.h */; settings = {ATTRIBUTES = (Public, ); }; };
		9A5C46FA1ED0C3A300CE3627 /* sqlite3ext.h in Headers */ = {isa = PBXBuildFile; fileRef = 9A5C46F51ED0C3A300CE3627 /* sqlite3ext.h */; };
		9A5C46FB1ED0C3A300CE3627 /* sqlite3ext.h in Headers */ = {isa = PBXBuildFile; fileRef = 9A5C46F51ED0C3A300CE3627 /* sqlite3ext.h */; };
		9A5C46FF1ED0C49E00CE3627 /* SQLite.swift in Sources */ = {isa = PBXBuildFile; fileRef = 9A5C46FE1ED0C49E00CE3627 /* SQLite.swift */; };
		9A5C47001ED0C49E00CE3627 /* SQLite.swift in Sources */ = {isa = PBXBuildFile; fileRef = 9A5C46FE1ED0C49E00CE3627 /* SQLite.swift */; };
		9A5C47021ED0C65B00CE3627 /* extensions.m in Sources */ = {isa = PBXBuildFile; fileRef = 9A5C47011ED0C65B00CE3627 /* extensions.m */; };
		9A5C47031ED0C65B00CE3627 /* extensions.m in Sources */ = {isa = PBXBuildFile; fileRef = 9A5C47011ED0C65B00CE3627 /* extensions.m */; };
		9A5C47051ED0C66D00CE3627 /* extensions.h in Headers */ = {isa = PBXBuildFile; fileRef = 9A5C47041ED0C66D00CE3627 /* extensions.h */; settings = {ATTRIBUTES = (Public, ); }; };
		9A5C47061ED0C66D00CE3627 /* extensions.h in Headers */ = {isa = PBXBuildFile; fileRef = 9A5C47041ED0C66D00CE3627 /* extensions.h */; settings = {ATTRIBUTES = (Public, ); }; };
		9A736DFF1ED1B8E100A0B389 /* DatabaseTests.swift in Sources */ = {isa = PBXBuildFile; fileRef = 9A736DFE1ED1B8E100A0B389 /* DatabaseTests.swift */; };
		9ACCEB021ED30A8600DFAE41 /* Status.swift in Sources */ = {isa = PBXBuildFile; fileRef = 9ACCEB011ED30A8600DFAE41 /* Status.swift */; };
		9ACCEB041EDAF63C00DFAE41 /* Statement.swift in Sources */ = {isa = PBXBuildFile; fileRef = 9ACCEB031EDAF63C00DFAE41 /* Statement.swift */; };
/* End PBXBuildFile section */

/* Begin PBXContainerItemProxy section */
		9A49DC581EC49A170053710B /* PBXContainerItemProxy */ = {
			isa = PBXContainerItemProxy;
			containerPortal = 9A49DC441EC49A170053710B /* Project object */;
			proxyType = 1;
			remoteGlobalIDString = 9A49DC4C1EC49A170053710B;
			remoteInfo = Mortar;
		};
/* End PBXContainerItemProxy section */

/* Begin PBXFileReference section */
		9A49DC4D1EC49A170053710B /* SQLite.framework */ = {isa = PBXFileReference; explicitFileType = wrapper.framework; includeInIndex = 0; path = SQLite.framework; sourceTree = BUILT_PRODUCTS_DIR; };
		9A49DC501EC49A170053710B /* SQLite.h */ = {isa = PBXFileReference; lastKnownFileType = sourcecode.c.h; path = SQLite.h; sourceTree = "<group>"; };
		9A49DC511EC49A170053710B /* SQLite MacOS.plist */ = {isa = PBXFileReference; lastKnownFileType = text.plist.xml; path = "SQLite MacOS.plist"; sourceTree = "<group>"; };
		9A49DC561EC49A170053710B /* SQLiteTests.xctest */ = {isa = PBXFileReference; explicitFileType = wrapper.cfbundle; includeInIndex = 0; path = SQLiteTests.xctest; sourceTree = BUILT_PRODUCTS_DIR; };
		9A49DC5D1EC49A170053710B /* Info.plist */ = {isa = PBXFileReference; lastKnownFileType = text.plist.xml; path = Info.plist; sourceTree = "<group>"; };
		9A49DC701EC49A5F0053710B /* SQLite.framework */ = {isa = PBXFileReference; explicitFileType = wrapper.framework; includeInIndex = 0; path = SQLite.framework; sourceTree = BUILT_PRODUCTS_DIR; };
		9A49DC711EC49A5F0053710B /* SQLite iOS.plist */ = {isa = PBXFileReference; lastKnownFileType = text.plist.xml; path = "SQLite iOS.plist"; sourceTree = "<group>"; };
		9A5C46F31ED0C3A300CE3627 /* sqlite3.c */ = {isa = PBXFileReference; fileEncoding = 4; lastKnownFileType = sourcecode.c.c; name = sqlite3.c; path = "../../../../../../Downloads/sqlite-amalgamation-3180000/sqlite3.c"; sourceTree = "<group>"; };
		9A5C46F41ED0C3A300CE3627 /* sqlite3.h */ = {isa = PBXFileReference; fileEncoding = 4; lastKnownFileType = sourcecode.c.h; name = sqlite3.h; path = "../../../../../../Downloads/sqlite-amalgamation-3180000/sqlite3.h"; sourceTree = "<group>"; };
		9A5C46F51ED0C3A300CE3627 /* sqlite3ext.h */ = {isa = PBXFileReference; fileEncoding = 4; lastKnownFileType = sourcecode.c.h; name = sqlite3ext.h; path = "../../../../../../Downloads/sqlite-amalgamation-3180000/sqlite3ext.h"; sourceTree = "<group>"; };
		9A5C46FE1ED0C49E00CE3627 /* SQLite.swift */ = {isa = PBXFileReference; fileEncoding = 4; lastKnownFileType = sourcecode.swift; path = SQLite.swift; sourceTree = "<group>"; };
		9A5C47011ED0C65B00CE3627 /* extensions.m */ = {isa = PBXFileReference; fileEncoding = 4; lastKnownFileType = sourcecode.c.objc; path = extensions.m; sourceTree = "<group>"; };
		9A5C47041ED0C66D00CE3627 /* extensions.h */ = {isa = PBXFileReference; fileEncoding = 4; lastKnownFileType = sourcecode.c.h; path = extensions.h; sourceTree = "<group>"; };
		9A736DFE1ED1B8E100A0B389 /* DatabaseTests.swift */ = {isa = PBXFileReference; fileEncoding = 4; lastKnownFileType = sourcecode.swift; path = DatabaseTests.swift; sourceTree = "<group>"; };
		9ACCEB011ED30A8600DFAE41 /* Status.swift */ = {isa = PBXFileReference; fileEncoding = 4; lastKnownFileType = sourcecode.swift; path = Status.swift; sourceTree = "<group>"; };
		9ACCEB031EDAF63C00DFAE41 /* Statement.swift */ = {isa = PBXFileReference; fileEncoding = 4; lastKnownFileType = sourcecode.swift; path = Statement.swift; sourceTree = "<group>"; };
/* End PBXFileReference section */

/* Begin PBXFrameworksBuildPhase section */
		9A49DC491EC49A170053710B /* Frameworks */ = {
			isa = PBXFrameworksBuildPhase;
			buildActionMask = 2147483647;
			files = (
			);
			runOnlyForDeploymentPostprocessing = 0;
		};
		9A49DC531EC49A170053710B /* Frameworks */ = {
			isa = PBXFrameworksBuildPhase;
			buildActionMask = 2147483647;
			files = (
				9A49DC571EC49A170053710B /* SQLite.framework in Frameworks */,
			);
			runOnlyForDeploymentPostprocessing = 0;
		};
		9A49DC691EC49A5F0053710B /* Frameworks */ = {
			isa = PBXFrameworksBuildPhase;
			buildActionMask = 2147483647;
			files = (
			);
			runOnlyForDeploymentPostprocessing = 0;
		};
/* End PBXFrameworksBuildPhase section */

/* Begin PBXGroup section */
		9A49DC431EC49A170053710B = {
			isa = PBXGroup;
			children = (
				9A49DC4F1EC49A170053710B /* SQLite */,
				9A49DC5A1EC49A170053710B /* SQLiteTests */,
				9A49DC4E1EC49A170053710B /* Products */,
			);
			sourceTree = "<group>";
		};
		9A49DC4E1EC49A170053710B /* Products */ = {
			isa = PBXGroup;
			children = (
				9A49DC4D1EC49A170053710B /* SQLite.framework */,
				9A49DC701EC49A5F0053710B /* SQLite.framework */,
				9A49DC561EC49A170053710B /* SQLiteTests.xctest */,
			);
			name = Products;
			sourceTree = "<group>";
		};
		9A49DC4F1EC49A170053710B /* SQLite */ = {
			isa = PBXGroup;
			children = (
				9A49DC501EC49A170053710B /* SQLite.h */,
				9A5C46FC1ED0C47B00CE3627 /* sqlite3 */,
				9A5C46FD1ED0C48300CE3627 /* Models */,
				9A49DC511EC49A170053710B /* SQLite MacOS.plist */,
				9A49DC711EC49A5F0053710B /* SQLite iOS.plist */,
			);
			path = SQLite;
			sourceTree = "<group>";
		};
		9A49DC5A1EC49A170053710B /* SQLiteTests */ = {
			isa = PBXGroup;
			children = (
				9A736DFE1ED1B8E100A0B389 /* DatabaseTests.swift */,
				9A49DC5D1EC49A170053710B /* Info.plist */,
			);
			path = SQLiteTests;
			sourceTree = "<group>";
		};
		9A5C46FC1ED0C47B00CE3627 /* sqlite3 */ = {
			isa = PBXGroup;
			children = (
				9A5C46F31ED0C3A300CE3627 /* sqlite3.c */,
				9A5C46F41ED0C3A300CE3627 /* sqlite3.h */,
				9A5C46F51ED0C3A300CE3627 /* sqlite3ext.h */,
				9A5C47041ED0C66D00CE3627 /* extensions.h */,
				9A5C47011ED0C65B00CE3627 /* extensions.m */,
			);
			name = sqlite3;
			sourceTree = "<group>";
		};
		9A5C46FD1ED0C48300CE3627 /* Models */ = {
			isa = PBXGroup;
			children = (
				9ACCEB011ED30A8600DFAE41 /* Status.swift */,
				9ACCEB031EDAF63C00DFAE41 /* Statement.swift */,
				9A5C46FE1ED0C49E00CE3627 /* SQLite.swift */,
			);
			name = Models;
			sourceTree = "<group>";
		};
/* End PBXGroup section */

/* Begin PBXHeadersBuildPhase section */
		9A49DC4A1EC49A170053710B /* Headers */ = {
			isa = PBXHeadersBuildPhase;
			buildActionMask = 2147483647;
			files = (
				9A5C46F81ED0C3A300CE3627 /* sqlite3.h in Headers */,
				9A49DC5E1EC49A170053710B /* SQLite.h in Headers */,
				9A5C47051ED0C66D00CE3627 /* extensions.h in Headers */,
				9A5C46FA1ED0C3A300CE3627 /* sqlite3ext.h in Headers */,
			);
			runOnlyForDeploymentPostprocessing = 0;
		};
		9A49DC6A1EC49A5F0053710B /* Headers */ = {
			isa = PBXHeadersBuildPhase;
			buildActionMask = 2147483647;
			files = (
				9A5C46F91ED0C3A300CE3627 /* sqlite3.h in Headers */,
				9A49DC6B1EC49A5F0053710B /* SQLite.h in Headers */,
				9A5C47061ED0C66D00CE3627 /* extensions.h in Headers */,
				9A5C46FB1ED0C3A300CE3627 /* sqlite3ext.h in Headers */,
			);
			runOnlyForDeploymentPostprocessing = 0;
		};
/* End PBXHeadersBuildPhase section */

/* Begin PBXNativeTarget section */
		9A49DC4C1EC49A170053710B /* SQLite MacOS */ = {
			isa = PBXNativeTarget;
			buildConfigurationList = 9A49DC611EC49A170053710B /* Build configuration list for PBXNativeTarget "SQLite MacOS" */;
			buildPhases = (
				9A49DC481EC49A170053710B /* Sources */,
				9A49DC491EC49A170053710B /* Frameworks */,
				9A49DC4A1EC49A170053710B /* Headers */,
				9A49DC4B1EC49A170053710B /* Resources */,
			);
			buildRules = (
			);
			dependencies = (
			);
			name = "SQLite MacOS";
			productName = Mortar;
			productReference = 9A49DC4D1EC49A170053710B /* SQLite.framework */;
			productType = "com.apple.product-type.framework";
		};
		9A49DC551EC49A170053710B /* SQLiteTests */ = {
			isa = PBXNativeTarget;
			buildConfigurationList = 9A49DC641EC49A170053710B /* Build configuration list for PBXNativeTarget "SQLiteTests" */;
			buildPhases = (
				9A49DC521EC49A170053710B /* Sources */,
				9A49DC531EC49A170053710B /* Frameworks */,
				9A49DC541EC49A170053710B /* Resources */,
			);
			buildRules = (
			);
			dependencies = (
				9A49DC591EC49A170053710B /* PBXTargetDependency */,
			);
			name = SQLiteTests;
			productName = MortarTests;
			productReference = 9A49DC561EC49A170053710B /* SQLiteTests.xctest */;
			productType = "com.apple.product-type.bundle.unit-test";
		};
		9A49DC671EC49A5F0053710B /* SQLite iOS */ = {
			isa = PBXNativeTarget;
			buildConfigurationList = 9A49DC6D1EC49A5F0053710B /* Build configuration list for PBXNativeTarget "SQLite iOS" */;
			buildPhases = (
				9A49DC681EC49A5F0053710B /* Sources */,
				9A49DC691EC49A5F0053710B /* Frameworks */,
				9A49DC6A1EC49A5F0053710B /* Headers */,
				9A49DC6C1EC49A5F0053710B /* Resources */,
			);
			buildRules = (
			);
			dependencies = (
			);
			name = "SQLite iOS";
			productName = Mortar;
			productReference = 9A49DC701EC49A5F0053710B /* SQLite.framework */;
			productType = "com.apple.product-type.framework";
		};
/* End PBXNativeTarget section */

/* Begin PBXProject section */
		9A49DC441EC49A170053710B /* Project object */ = {
			isa = PBXProject;
			attributes = {
				LastSwiftUpdateCheck = 0830;
				LastUpgradeCheck = 0830;
				ORGANIZATIONNAME = "Dima Bart";
				TargetAttributes = {
					9A49DC4C1EC49A170053710B = {
						CreatedOnToolsVersion = 8.3.1;
						DevelopmentTeam = MK88G5Q6ZN;
						LastSwiftMigration = 0830;
						ProvisioningStyle = Automatic;
					};
					9A49DC551EC49A170053710B = {
						CreatedOnToolsVersion = 8.3.1;
						DevelopmentTeam = MK88G5Q6ZN;
						LastSwiftMigration = 0830;
						ProvisioningStyle = Automatic;
					};
					9A49DC671EC49A5F0053710B = {
						DevelopmentTeam = MK88G5Q6ZN;
						LastSwiftMigration = 0830;
					};
				};
			};
			buildConfigurationList = 9A49DC471EC49A170053710B /* Build configuration list for PBXProject "SQLite" */;
			compatibilityVersion = "Xcode 3.2";
			developmentRegion = English;
			hasScannedForEncodings = 0;
			knownRegions = (
				en,
			);
			mainGroup = 9A49DC431EC49A170053710B;
			productRefGroup = 9A49DC4E1EC49A170053710B /* Products */;
			projectDirPath = "";
			projectRoot = "";
			targets = (
				9A49DC4C1EC49A170053710B /* SQLite MacOS */,
				9A49DC671EC49A5F0053710B /* SQLite iOS */,
				9A49DC551EC49A170053710B /* SQLiteTests */,
			);
		};
/* End PBXProject section */

/* Begin PBXResourcesBuildPhase section */
		9A49DC4B1EC49A170053710B /* Resources */ = {
			isa = PBXResourcesBuildPhase;
			buildActionMask = 2147483647;
			files = (
			);
			runOnlyForDeploymentPostprocessing = 0;
		};
		9A49DC541EC49A170053710B /* Resources */ = {
			isa = PBXResourcesBuildPhase;
			buildActionMask = 2147483647;
			files = (
			);
			runOnlyForDeploymentPostprocessing = 0;
		};
		9A49DC6C1EC49A5F0053710B /* Resources */ = {
			isa = PBXResourcesBuildPhase;
			buildActionMask = 2147483647;
			files = (
			);
			runOnlyForDeploymentPostprocessing = 0;
		};
/* End PBXResourcesBuildPhase section */

/* Begin PBXSourcesBuildPhase section */
		9A49DC481EC49A170053710B /* Sources */ = {
			isa = PBXSourcesBuildPhase;
			buildActionMask = 2147483647;
			files = (
				9A5C47021ED0C65B00CE3627 /* extensions.m in Sources */,
				9A5C46FF1ED0C49E00CE3627 /* SQLite.swift in Sources */,
				9A5C46F61ED0C3A300CE3627 /* sqlite3.c in Sources */,
				9ACCEB021ED30A8600DFAE41 /* Status.swift in Sources */,
				9ACCEB041EDAF63C00DFAE41 /* Statement.swift in Sources */,
			);
			runOnlyForDeploymentPostprocessing = 0;
		};
		9A49DC521EC49A170053710B /* Sources */ = {
			isa = PBXSourcesBuildPhase;
			buildActionMask = 2147483647;
			files = (
				9A736DFF1ED1B8E100A0B389 /* DatabaseTests.swift in Sources */,
			);
			runOnlyForDeploymentPostprocessing = 0;
		};
		9A49DC681EC49A5F0053710B /* Sources */ = {
			isa = PBXSourcesBuildPhase;
			buildActionMask = 2147483647;
			files = (
				9A5C47031ED0C65B00CE3627 /* extensions.m in Sources */,
				9A5C47001ED0C49E00CE3627 /* SQLite.swift in Sources */,
				9A5C46F71ED0C3A300CE3627 /* sqlite3.c in Sources */,
			);
			runOnlyForDeploymentPostprocessing = 0;
		};
/* End PBXSourcesBuildPhase section */

/* Begin PBXTargetDependency section */
		9A49DC591EC49A170053710B /* PBXTargetDependency */ = {
			isa = PBXTargetDependency;
			target = 9A49DC4C1EC49A170053710B /* SQLite MacOS */;
			targetProxy = 9A49DC581EC49A170053710B /* PBXContainerItemProxy */;
		};
/* End PBXTargetDependency section */

/* Begin XCBuildConfiguration section */
		9A49DC5F1EC49A170053710B /* Debug */ = {
			isa = XCBuildConfiguration;
			buildSettings = {
				ALWAYS_SEARCH_USER_PATHS = NO;
				CLANG_ANALYZER_NONNULL = YES;
				CLANG_ANALYZER_NUMBER_OBJECT_CONVERSION = YES_AGGRESSIVE;
				CLANG_CXX_LANGUAGE_STANDARD = "gnu++0x";
				CLANG_CXX_LIBRARY = "libc++";
				CLANG_ENABLE_MODULES = YES;
				CLANG_ENABLE_OBJC_ARC = YES;
				CLANG_WARN_BOOL_CONVERSION = YES;
				CLANG_WARN_CONSTANT_CONVERSION = YES;
				CLANG_WARN_DIRECT_OBJC_ISA_USAGE = YES_ERROR;
				CLANG_WARN_DOCUMENTATION_COMMENTS = YES;
				CLANG_WARN_EMPTY_BODY = YES;
				CLANG_WARN_ENUM_CONVERSION = YES;
				CLANG_WARN_INFINITE_RECURSION = YES;
				CLANG_WARN_INT_CONVERSION = YES;
				CLANG_WARN_OBJC_ROOT_CLASS = YES_ERROR;
				CLANG_WARN_SUSPICIOUS_MOVE = YES;
				CLANG_WARN_UNREACHABLE_CODE = YES;
				CLANG_WARN__DUPLICATE_METHOD_MATCH = YES;
				CODE_SIGN_IDENTITY = "-";
				COPY_PHASE_STRIP = NO;
				CURRENT_PROJECT_VERSION = 1;
				DEBUG_INFORMATION_FORMAT = dwarf;
				ENABLE_STRICT_OBJC_MSGSEND = YES;
				ENABLE_TESTABILITY = YES;
				GCC_C_LANGUAGE_STANDARD = gnu99;
				GCC_DYNAMIC_NO_PIC = NO;
				GCC_NO_COMMON_BLOCKS = YES;
				GCC_OPTIMIZATION_LEVEL = 0;
				GCC_PREPROCESSOR_DEFINITIONS = (
					"DEBUG=1",
					"$(inherited)",
				);
				GCC_WARN_64_TO_32_BIT_CONVERSION = YES;
				GCC_WARN_ABOUT_RETURN_TYPE = YES_ERROR;
				GCC_WARN_UNDECLARED_SELECTOR = YES;
				GCC_WARN_UNINITIALIZED_AUTOS = YES_AGGRESSIVE;
				GCC_WARN_UNUSED_FUNCTION = YES;
				GCC_WARN_UNUSED_VARIABLE = YES;
				MACOSX_DEPLOYMENT_TARGET = 10.12;
				MTL_ENABLE_DEBUG_INFO = YES;
				ONLY_ACTIVE_ARCH = YES;
				SDKROOT = macosx;
				SWIFT_ACTIVE_COMPILATION_CONDITIONS = DEBUG;
				SWIFT_OPTIMIZATION_LEVEL = "-Onone";
				VERSIONING_SYSTEM = "apple-generic";
				VERSION_INFO_PREFIX = "";
			};
			name = Debug;
		};
		9A49DC601EC49A170053710B /* Release */ = {
			isa = XCBuildConfiguration;
			buildSettings = {
				ALWAYS_SEARCH_USER_PATHS = NO;
				CLANG_ANALYZER_NONNULL = YES;
				CLANG_ANALYZER_NUMBER_OBJECT_CONVERSION = YES_AGGRESSIVE;
				CLANG_CXX_LANGUAGE_STANDARD = "gnu++0x";
				CLANG_CXX_LIBRARY = "libc++";
				CLANG_ENABLE_MODULES = YES;
				CLANG_ENABLE_OBJC_ARC = YES;
				CLANG_WARN_BOOL_CONVERSION = YES;
				CLANG_WARN_CONSTANT_CONVERSION = YES;
				CLANG_WARN_DIRECT_OBJC_ISA_USAGE = YES_ERROR;
				CLANG_WARN_DOCUMENTATION_COMMENTS = YES;
				CLANG_WARN_EMPTY_BODY = YES;
				CLANG_WARN_ENUM_CONVERSION = YES;
				CLANG_WARN_INFINITE_RECURSION = YES;
				CLANG_WARN_INT_CONVERSION = YES;
				CLANG_WARN_OBJC_ROOT_CLASS = YES_ERROR;
				CLANG_WARN_SUSPICIOUS_MOVE = YES;
				CLANG_WARN_UNREACHABLE_CODE = YES;
				CLANG_WARN__DUPLICATE_METHOD_MATCH = YES;
				CODE_SIGN_IDENTITY = "-";
				COPY_PHASE_STRIP = NO;
				CURRENT_PROJECT_VERSION = 1;
				DEBUG_INFORMATION_FORMAT = "dwarf-with-dsym";
				ENABLE_NS_ASSERTIONS = NO;
				ENABLE_STRICT_OBJC_MSGSEND = YES;
				GCC_C_LANGUAGE_STANDARD = gnu99;
				GCC_NO_COMMON_BLOCKS = YES;
				GCC_WARN_64_TO_32_BIT_CONVERSION = YES;
				GCC_WARN_ABOUT_RETURN_TYPE = YES_ERROR;
				GCC_WARN_UNDECLARED_SELECTOR = YES;
				GCC_WARN_UNINITIALIZED_AUTOS = YES_AGGRESSIVE;
				GCC_WARN_UNUSED_FUNCTION = YES;
				GCC_WARN_UNUSED_VARIABLE = YES;
				MACOSX_DEPLOYMENT_TARGET = 10.12;
				MTL_ENABLE_DEBUG_INFO = NO;
				SDKROOT = macosx;
				SWIFT_OPTIMIZATION_LEVEL = "-Owholemodule";
				VERSIONING_SYSTEM = "apple-generic";
				VERSION_INFO_PREFIX = "";
			};
			name = Release;
		};
		9A49DC621EC49A170053710B /* Debug */ = {
			isa = XCBuildConfiguration;
			buildSettings = {
				CLANG_ENABLE_MODULES = YES;
				CODE_SIGN_IDENTITY = "";
				COMBINE_HIDPI_IMAGES = YES;
				DEFINES_MODULE = YES;
				DEVELOPMENT_TEAM = MK88G5Q6ZN;
				DYLIB_COMPATIBILITY_VERSION = 1;
				DYLIB_CURRENT_VERSION = 1;
				DYLIB_INSTALL_NAME_BASE = "@rpath";
				FRAMEWORK_VERSION = A;
				INFOPLIST_FILE = "SQLite/SQLite MacOS.plist";
				INSTALL_PATH = "$(LOCAL_LIBRARY_DIR)/Frameworks";
				LD_RUNPATH_SEARCH_PATHS = "$(inherited) @executable_path/../Frameworks @loader_path/Frameworks";
				OTHER_SWIFT_FLAGS = "-Xfrontend -warn-long-function-bodies=100";
				PRODUCT_BUNDLE_IDENTIFIER = com.dimabart.SQLite;
				PRODUCT_NAME = SQLite;
				SKIP_INSTALL = YES;
				SWIFT_OPTIMIZATION_LEVEL = "-Onone";
				SWIFT_VERSION = 3.0;
			};
			name = Debug;
		};
		9A49DC631EC49A170053710B /* Release */ = {
			isa = XCBuildConfiguration;
			buildSettings = {
				CLANG_ENABLE_MODULES = YES;
				CODE_SIGN_IDENTITY = "";
				COMBINE_HIDPI_IMAGES = YES;
				DEFINES_MODULE = YES;
				DEVELOPMENT_TEAM = MK88G5Q6ZN;
				DYLIB_COMPATIBILITY_VERSION = 1;
				DYLIB_CURRENT_VERSION = 1;
				DYLIB_INSTALL_NAME_BASE = "@rpath";
				FRAMEWORK_VERSION = A;
				INFOPLIST_FILE = "SQLite/SQLite MacOS.plist";
				INSTALL_PATH = "$(LOCAL_LIBRARY_DIR)/Frameworks";
				LD_RUNPATH_SEARCH_PATHS = "$(inherited) @executable_path/../Frameworks @loader_path/Frameworks";
				OTHER_SWIFT_FLAGS = "-Xfrontend -warn-long-function-bodies=100";
				PRODUCT_BUNDLE_IDENTIFIER = com.dimabart.SQLite;
				PRODUCT_NAME = SQLite;
				SKIP_INSTALL = YES;
				SWIFT_VERSION = 3.0;
			};
			name = Release;
		};
		9A49DC651EC49A170053710B /* Debug */ = {
			isa = XCBuildConfiguration;
			buildSettings = {
				ALWAYS_EMBED_SWIFT_STANDARD_LIBRARIES = YES;
				CLANG_ENABLE_MODULES = YES;
				COMBINE_HIDPI_IMAGES = YES;
				DEVELOPMENT_TEAM = MK88G5Q6ZN;
				INFOPLIST_FILE = SQLiteTests/Info.plist;
				LD_RUNPATH_SEARCH_PATHS = "$(inherited) @executable_path/../Frameworks @loader_path/../Frameworks";
				PRODUCT_BUNDLE_IDENTIFIER = com.dimabart.SQLiteTests;
				PRODUCT_NAME = "$(TARGET_NAME)";
				SWIFT_OPTIMIZATION_LEVEL = "-Onone";
				SWIFT_VERSION = 3.0;
			};
			name = Debug;
		};
		9A49DC661EC49A170053710B /* Release */ = {
			isa = XCBuildConfiguration;
			buildSettings = {
				ALWAYS_EMBED_SWIFT_STANDARD_LIBRARIES = YES;
				CLANG_ENABLE_MODULES = YES;
				COMBINE_HIDPI_IMAGES = YES;
				DEVELOPMENT_TEAM = MK88G5Q6ZN;
				INFOPLIST_FILE = SQLiteTests/Info.plist;
				LD_RUNPATH_SEARCH_PATHS = "$(inherited) @executable_path/../Frameworks @loader_path/../Frameworks";
				PRODUCT_BUNDLE_IDENTIFIER = com.dimabart.SQLiteTests;
				PRODUCT_NAME = "$(TARGET_NAME)";
				SWIFT_VERSION = 3.0;
			};
			name = Release;
		};
		9A49DC6E1EC49A5F0053710B /* Debug */ = {
			isa = XCBuildConfiguration;
			buildSettings = {
				CLANG_ENABLE_MODULES = YES;
				CODE_SIGN_IDENTITY = "";
				COMBINE_HIDPI_IMAGES = YES;
				DEFINES_MODULE = YES;
				DEVELOPMENT_TEAM = MK88G5Q6ZN;
				DYLIB_COMPATIBILITY_VERSION = 1;
				DYLIB_CURRENT_VERSION = 1;
				DYLIB_INSTALL_NAME_BASE = "@rpath";
				FRAMEWORK_VERSION = A;
				INFOPLIST_FILE = "SQLite/SQLite iOS.plist";
				INSTALL_PATH = "$(LOCAL_LIBRARY_DIR)/Frameworks";
				LD_RUNPATH_SEARCH_PATHS = "$(inherited) @executable_path/../Frameworks @loader_path/Frameworks";
				OTHER_SWIFT_FLAGS = "-Xfrontend -warn-long-function-bodies=100";
				PRODUCT_BUNDLE_IDENTIFIER = com.dimabart.SQLite;
				PRODUCT_NAME = SQLite;
				SDKROOT = iphoneos;
				SKIP_INSTALL = YES;
				SWIFT_OPTIMIZATION_LEVEL = "-Onone";
				SWIFT_VERSION = 3.0;
			};
			name = Debug;
		};
		9A49DC6F1EC49A5F0053710B /* Release */ = {
			isa = XCBuildConfiguration;
			buildSettings = {
				CLANG_ENABLE_MODULES = YES;
				CODE_SIGN_IDENTITY = "";
				COMBINE_HIDPI_IMAGES = YES;
				DEFINES_MODULE = YES;
				DEVELOPMENT_TEAM = MK88G5Q6ZN;
				DYLIB_COMPATIBILITY_VERSION = 1;
				DYLIB_CURRENT_VERSION = 1;
				DYLIB_INSTALL_NAME_BASE = "@rpath";
				FRAMEWORK_VERSION = A;
				INFOPLIST_FILE = "SQLite/SQLite iOS.plist";
				INSTALL_PATH = "$(LOCAL_LIBRARY_DIR)/Frameworks";
				LD_RUNPATH_SEARCH_PATHS = "$(inherited) @executable_path/../Frameworks @loader_path/Frameworks";
				OTHER_SWIFT_FLAGS = "-Xfrontend -warn-long-function-bodies=100";
				PRODUCT_BUNDLE_IDENTIFIER = com.dimabart.SQLite;
				PRODUCT_NAME = SQLite;
				SDKROOT = iphoneos;
				SKIP_INSTALL = YES;
				SWIFT_VERSION = 3.0;
			};
			name = Release;
		};
/* End XCBuildConfiguration section */

/* Begin XCConfigurationList section */
		9A49DC471EC49A170053710B /* Build configuration list for PBXProject "SQLite" */ = {
			isa = XCConfigurationList;
			buildConfigurations = (
				9A49DC5F1EC49A170053710B /* Debug */,
				9A49DC601EC49A170053710B /* Release */,
			);
			defaultConfigurationIsVisible = 0;
			defaultConfigurationName = Release;
		};
		9A49DC611EC49A170053710B /* Build configuration list for PBXNativeTarget "SQLite MacOS" */ = {
			isa = XCConfigurationList;
			buildConfigurations = (
				9A49DC621EC49A170053710B /* Debug */,
				9A49DC631EC49A170053710B /* Release */,
			);
			defaultConfigurationIsVisible = 0;
			defaultConfigurationName = Release;
		};
		9A49DC641EC49A170053710B /* Build configuration list for PBXNativeTarget "SQLiteTests" */ = {
			isa = XCConfigurationList;
			buildConfigurations = (
				9A49DC651EC49A170053710B /* Debug */,
				9A49DC661EC49A170053710B /* Release */,
			);
			defaultConfigurationIsVisible = 0;
			defaultConfigurationName = Release;
		};
		9A49DC6D1EC49A5F0053710B /* Build configuration list for PBXNativeTarget "SQLite iOS" */ = {
			isa = XCConfigurationList;
			buildConfigurations = (
				9A49DC6E1EC49A5F0053710B /* Debug */,
				9A49DC6F1EC49A5F0053710B /* Release */,
			);
			defaultConfigurationIsVisible = 0;
			defaultConfigurationName = Release;
		};
/* End XCConfigurationList section */
	};
	rootObject = 9A49DC441EC49A170053710B /* Project object */;
}
